// !$*UTF8*$!
{
	archiveVersion = 1;
	classes = {
	};
	objectVersion = 56;
	objects = {

/* Begin PBXBuildFile section */
		A02403622984ED8E00F5227C /* AppDelegate.swift in Sources */ = {isa = PBXBuildFile; fileRef = A02403612984ED8E00F5227C /* AppDelegate.swift */; };
		A02403642984ED8E00F5227C /* SceneDelegate.swift in Sources */ = {isa = PBXBuildFile; fileRef = A02403632984ED8E00F5227C /* SceneDelegate.swift */; };
		A02403662984ED8E00F5227C /* MainTabBarViewController.swift in Sources */ = {isa = PBXBuildFile; fileRef = A02403652984ED8E00F5227C /* MainTabBarViewController.swift */; };
		A024036B2984ED9100F5227C /* Assets.xcassets in Resources */ = {isa = PBXBuildFile; fileRef = A024036A2984ED9100F5227C /* Assets.xcassets */; };
		A024036E2984ED9100F5227C /* LaunchScreen.storyboard in Resources */ = {isa = PBXBuildFile; fileRef = A024036C2984ED9100F5227C /* LaunchScreen.storyboard */; };
		A024037F2985180B00F5227C /* HomeViewController.swift in Sources */ = {isa = PBXBuildFile; fileRef = A024037E2985180B00F5227C /* HomeViewController.swift */; };
		A02403812985183000F5227C /* CafeViewController.swift in Sources */ = {isa = PBXBuildFile; fileRef = A02403802985183000F5227C /* CafeViewController.swift */; };
		A02403832985185A00F5227C /* CanteenViewController.swift in Sources */ = {isa = PBXBuildFile; fileRef = A02403822985185A00F5227C /* CanteenViewController.swift */; };
		A02403852985532800F5227C /* GoogleService-Info.plist in Resources */ = {isa = PBXBuildFile; fileRef = A02403842985532800F5227C /* GoogleService-Info.plist */; };
		A0240388298555CD00F5227C /* FirebaseAuth in Frameworks */ = {isa = PBXBuildFile; productRef = A0240387298555CD00F5227C /* FirebaseAuth */; };
		A024038A298555CD00F5227C /* FirebaseAuthCombine-Community in Frameworks */ = {isa = PBXBuildFile; productRef = A0240389298555CD00F5227C /* FirebaseAuthCombine-Community */; };
		A024038C298555CD00F5227C /* FirebaseDatabase in Frameworks */ = {isa = PBXBuildFile; productRef = A024038B298555CD00F5227C /* FirebaseDatabase */; };
		A024038E298555CD00F5227C /* FirebaseDatabaseSwift in Frameworks */ = {isa = PBXBuildFile; productRef = A024038D298555CD00F5227C /* FirebaseDatabaseSwift */; };
		A0240390298555CD00F5227C /* FirebaseFirestore in Frameworks */ = {isa = PBXBuildFile; productRef = A024038F298555CD00F5227C /* FirebaseFirestore */; };
		A0240392298555CD00F5227C /* FirebaseFirestoreCombine-Community in Frameworks */ = {isa = PBXBuildFile; productRef = A0240391298555CD00F5227C /* FirebaseFirestoreCombine-Community */; };
		A0240394298555CD00F5227C /* FirebaseFirestoreSwift in Frameworks */ = {isa = PBXBuildFile; productRef = A0240393298555CD00F5227C /* FirebaseFirestoreSwift */; };
		A0240396298555CD00F5227C /* FirebaseStorage in Frameworks */ = {isa = PBXBuildFile; productRef = A0240395298555CD00F5227C /* FirebaseStorage */; };
		A0240398298555CD00F5227C /* FirebaseStorageCombine-Community in Frameworks */ = {isa = PBXBuildFile; productRef = A0240397298555CD00F5227C /* FirebaseStorageCombine-Community */; };
		A024039A29855D2900F5227C /* LoginViewController.swift in Sources */ = {isa = PBXBuildFile; fileRef = A024039929855D2900F5227C /* LoginViewController.swift */; };
		A024039C29855D3500F5227C /* RegisterViewController.swift in Sources */ = {isa = PBXBuildFile; fileRef = A024039B29855D3500F5227C /* RegisterViewController.swift */; };
		A024039E29855E2900F5227C /* AuthManager.swift in Sources */ = {isa = PBXBuildFile; fileRef = A024039D29855E2900F5227C /* AuthManager.swift */; };
		A02403A029855EE300F5227C /* AuthenticationViewViewModel.swift in Sources */ = {isa = PBXBuildFile; fileRef = A024039F29855EE300F5227C /* AuthenticationViewViewModel.swift */; };
		A02403A229857C0600F5227C /* FreeFoodsViewController.swift in Sources */ = {isa = PBXBuildFile; fileRef = A02403A129857C0600F5227C /* FreeFoodsViewController.swift */; };
		A02403A42985932D00F5227C /* SearchViewController.swift in Sources */ = {isa = PBXBuildFile; fileRef = A02403A32985932C00F5227C /* SearchViewController.swift */; };
		A02403A62985943000F5227C /* SearchResultsViewController.swift in Sources */ = {isa = PBXBuildFile; fileRef = A02403A52985943000F5227C /* SearchResultsViewController.swift */; };
/* End PBXBuildFile section */

/* Begin PBXFileReference section */
		A024035E2984ED8E00F5227C /* Manas-Menu.app */ = {isa = PBXFileReference; explicitFileType = wrapper.application; includeInIndex = 0; path = "Manas-Menu.app"; sourceTree = BUILT_PRODUCTS_DIR; };
		A02403612984ED8E00F5227C /* AppDelegate.swift */ = {isa = PBXFileReference; lastKnownFileType = sourcecode.swift; path = AppDelegate.swift; sourceTree = "<group>"; };
		A02403632984ED8E00F5227C /* SceneDelegate.swift */ = {isa = PBXFileReference; lastKnownFileType = sourcecode.swift; path = SceneDelegate.swift; sourceTree = "<group>"; };
		A02403652984ED8E00F5227C /* MainTabBarViewController.swift */ = {isa = PBXFileReference; lastKnownFileType = sourcecode.swift; path = MainTabBarViewController.swift; sourceTree = "<group>"; };
		A024036A2984ED9100F5227C /* Assets.xcassets */ = {isa = PBXFileReference; lastKnownFileType = folder.assetcatalog; path = Assets.xcassets; sourceTree = "<group>"; };
		A024036D2984ED9100F5227C /* Base */ = {isa = PBXFileReference; lastKnownFileType = file.storyboard; name = Base; path = Base.lproj/LaunchScreen.storyboard; sourceTree = "<group>"; };
		A024036F2984ED9100F5227C /* Info.plist */ = {isa = PBXFileReference; lastKnownFileType = text.plist.xml; path = Info.plist; sourceTree = "<group>"; };
		A024037E2985180B00F5227C /* HomeViewController.swift */ = {isa = PBXFileReference; lastKnownFileType = sourcecode.swift; path = HomeViewController.swift; sourceTree = "<group>"; };
		A02403802985183000F5227C /* CafeViewController.swift */ = {isa = PBXFileReference; lastKnownFileType = sourcecode.swift; path = CafeViewController.swift; sourceTree = "<group>"; };
		A02403822985185A00F5227C /* CanteenViewController.swift */ = {isa = PBXFileReference; lastKnownFileType = sourcecode.swift; path = CanteenViewController.swift; sourceTree = "<group>"; };
		A02403842985532800F5227C /* GoogleService-Info.plist */ = {isa = PBXFileReference; fileEncoding = 4; lastKnownFileType = text.plist.xml; path = "GoogleService-Info.plist"; sourceTree = "<group>"; };
		A024039929855D2900F5227C /* LoginViewController.swift */ = {isa = PBXFileReference; lastKnownFileType = sourcecode.swift; path = LoginViewController.swift; sourceTree = "<group>"; };
		A024039B29855D3500F5227C /* RegisterViewController.swift */ = {isa = PBXFileReference; lastKnownFileType = sourcecode.swift; path = RegisterViewController.swift; sourceTree = "<group>"; };
		A024039D29855E2900F5227C /* AuthManager.swift */ = {isa = PBXFileReference; lastKnownFileType = sourcecode.swift; path = AuthManager.swift; sourceTree = "<group>"; };
		A024039F29855EE300F5227C /* AuthenticationViewViewModel.swift */ = {isa = PBXFileReference; lastKnownFileType = sourcecode.swift; path = AuthenticationViewViewModel.swift; sourceTree = "<group>"; };
		A02403A129857C0600F5227C /* FreeFoodsViewController.swift */ = {isa = PBXFileReference; lastKnownFileType = sourcecode.swift; path = FreeFoodsViewController.swift; sourceTree = "<group>"; };
		A02403A32985932C00F5227C /* SearchViewController.swift */ = {isa = PBXFileReference; lastKnownFileType = sourcecode.swift; path = SearchViewController.swift; sourceTree = "<group>"; };
		A02403A52985943000F5227C /* SearchResultsViewController.swift */ = {isa = PBXFileReference; lastKnownFileType = sourcecode.swift; path = SearchResultsViewController.swift; sourceTree = "<group>"; };
/* End PBXFileReference section */

/* Begin PBXFrameworksBuildPhase section */
		A024035B2984ED8E00F5227C /* Frameworks */ = {
			isa = PBXFrameworksBuildPhase;
			buildActionMask = 2147483647;
			files = (
				A024038E298555CD00F5227C /* FirebaseDatabaseSwift in Frameworks */,
				A024038C298555CD00F5227C /* FirebaseDatabase in Frameworks */,
				A0240388298555CD00F5227C /* FirebaseAuth in Frameworks */,
				A0240394298555CD00F5227C /* FirebaseFirestoreSwift in Frameworks */,
				A0240392298555CD00F5227C /* FirebaseFirestoreCombine-Community in Frameworks */,
				A0240396298555CD00F5227C /* FirebaseStorage in Frameworks */,
				A0240390298555CD00F5227C /* FirebaseFirestore in Frameworks */,
				A0240398298555CD00F5227C /* FirebaseStorageCombine-Community in Frameworks */,
				A024038A298555CD00F5227C /* FirebaseAuthCombine-Community in Frameworks */,
			);
			runOnlyForDeploymentPostprocessing = 0;
		};
/* End PBXFrameworksBuildPhase section */

/* Begin PBXGroup section */
		A02403552984ED8E00F5227C = {
			isa = PBXGroup;
			children = (
				A02403602984ED8E00F5227C /* Manas-Menu */,
				A024035F2984ED8E00F5227C /* Products */,
			);
			sourceTree = "<group>";
		};
		A024035F2984ED8E00F5227C /* Products */ = {
			isa = PBXGroup;
			children = (
				A024035E2984ED8E00F5227C /* Manas-Menu.app */,
			);
			name = Products;
			sourceTree = "<group>";
		};
		A02403602984ED8E00F5227C /* Manas-Menu */ = {
			isa = PBXGroup;
			children = (
				A024037A29850B7200F5227C /* APIManager */,
				A024037929850A9A00F5227C /* Resources */,
				A024037829850A8800F5227C /* ViewModels */,
				A024037729850A8300F5227C /* Views */,
				A024037629850A7900F5227C /* Models */,
				A0240375298509D200F5227C /* Controllers */,
				A024036F2984ED9100F5227C /* Info.plist */,
				A02403842985532800F5227C /* GoogleService-Info.plist */,
			);
			path = "Manas-Menu";
			sourceTree = "<group>";
		};
		A0240375298509D200F5227C /* Controllers */ = {
			isa = PBXGroup;
			children = (
				A024037B29850BB800F5227C /* Core */,
				A024037C29850BBE00F5227C /* Auth */,
				A024037D29850C0C00F5227C /* Other */,
			);
			path = Controllers;
			sourceTree = "<group>";
		};
		A024037629850A7900F5227C /* Models */ = {
			isa = PBXGroup;
			children = (
			);
			path = Models;
			sourceTree = "<group>";
		};
		A024037729850A8300F5227C /* Views */ = {
			isa = PBXGroup;
			children = (
			);
			path = Views;
			sourceTree = "<group>";
		};
		A024037829850A8800F5227C /* ViewModels */ = {
			isa = PBXGroup;
			children = (
				A024039F29855EE300F5227C /* AuthenticationViewViewModel.swift */,
			);
			path = ViewModels;
			sourceTree = "<group>";
		};
		A024037929850A9A00F5227C /* Resources */ = {
			isa = PBXGroup;
			children = (
				A02403612984ED8E00F5227C /* AppDelegate.swift */,
				A02403632984ED8E00F5227C /* SceneDelegate.swift */,
				A024036C2984ED9100F5227C /* LaunchScreen.storyboard */,
				A024036A2984ED9100F5227C /* Assets.xcassets */,
			);
			path = Resources;
			sourceTree = "<group>";
		};
		A024037A29850B7200F5227C /* APIManager */ = {
			isa = PBXGroup;
			children = (
				A024039D29855E2900F5227C /* AuthManager.swift */,
			);
			path = APIManager;
			sourceTree = "<group>";
		};
		A024037B29850BB800F5227C /* Core */ = {
			isa = PBXGroup;
			children = (
				A02403652984ED8E00F5227C /* MainTabBarViewController.swift */,
				A024037E2985180B00F5227C /* HomeViewController.swift */,
				A02403802985183000F5227C /* CafeViewController.swift */,
				A02403822985185A00F5227C /* CanteenViewController.swift */,
			);
			path = Core;
			sourceTree = "<group>";
		};
		A024037C29850BBE00F5227C /* Auth */ = {
			isa = PBXGroup;
			children = (
				A024039929855D2900F5227C /* LoginViewController.swift */,
				A024039B29855D3500F5227C /* RegisterViewController.swift */,
			);
			path = Auth;
			sourceTree = "<group>";
		};
		A024037D29850C0C00F5227C /* Other */ = {
			isa = PBXGroup;
			children = (
				A02403A129857C0600F5227C /* FreeFoodsViewController.swift */,
				A02403A32985932C00F5227C /* SearchViewController.swift */,
				A02403A52985943000F5227C /* SearchResultsViewController.swift */,
			);
			path = Other;
			sourceTree = "<group>";
		};
/* End PBXGroup section */

/* Begin PBXNativeTarget section */
		A024035D2984ED8E00F5227C /* Manas-Menu */ = {
			isa = PBXNativeTarget;
			buildConfigurationList = A02403722984ED9100F5227C /* Build configuration list for PBXNativeTarget "Manas-Menu" */;
			buildPhases = (
				A024035A2984ED8E00F5227C /* Sources */,
				A024035B2984ED8E00F5227C /* Frameworks */,
				A024035C2984ED8E00F5227C /* Resources */,
			);
			buildRules = (
			);
			dependencies = (
			);
			name = "Manas-Menu";
			packageProductDependencies = (
				A0240387298555CD00F5227C /* FirebaseAuth */,
				A0240389298555CD00F5227C /* FirebaseAuthCombine-Community */,
				A024038B298555CD00F5227C /* FirebaseDatabase */,
				A024038D298555CD00F5227C /* FirebaseDatabaseSwift */,
				A024038F298555CD00F5227C /* FirebaseFirestore */,
				A0240391298555CD00F5227C /* FirebaseFirestoreCombine-Community */,
				A0240393298555CD00F5227C /* FirebaseFirestoreSwift */,
				A0240395298555CD00F5227C /* FirebaseStorage */,
				A0240397298555CD00F5227C /* FirebaseStorageCombine-Community */,
			);
			productName = "Manas-Menu";
			productReference = A024035E2984ED8E00F5227C /* Manas-Menu.app */;
			productType = "com.apple.product-type.application";
		};
/* End PBXNativeTarget section */

/* Begin PBXProject section */
		A02403562984ED8E00F5227C /* Project object */ = {
			isa = PBXProject;
			attributes = {
				BuildIndependentTargetsInParallel = 1;
				LastSwiftUpdateCheck = 1400;
				LastUpgradeCheck = 1400;
				TargetAttributes = {
					A024035D2984ED8E00F5227C = {
						CreatedOnToolsVersion = 14.0.1;
					};
				};
			};
			buildConfigurationList = A02403592984ED8E00F5227C /* Build configuration list for PBXProject "Manas-Menu" */;
			compatibilityVersion = "Xcode 14.0";
			developmentRegion = en;
			hasScannedForEncodings = 0;
			knownRegions = (
				en,
				Base,
			);
			mainGroup = A02403552984ED8E00F5227C;
			packageReferences = (
				A0240386298555CD00F5227C /* XCRemoteSwiftPackageReference "firebase-ios-sdk" */,
			);
			productRefGroup = A024035F2984ED8E00F5227C /* Products */;
			projectDirPath = "";
			projectRoot = "";
			targets = (
				A024035D2984ED8E00F5227C /* Manas-Menu */,
			);
		};
/* End PBXProject section */

/* Begin PBXResourcesBuildPhase section */
		A024035C2984ED8E00F5227C /* Resources */ = {
			isa = PBXResourcesBuildPhase;
			buildActionMask = 2147483647;
			files = (
				A024036E2984ED9100F5227C /* LaunchScreen.storyboard in Resources */,
				A02403852985532800F5227C /* GoogleService-Info.plist in Resources */,
				A024036B2984ED9100F5227C /* Assets.xcassets in Resources */,
			);
			runOnlyForDeploymentPostprocessing = 0;
		};
/* End PBXResourcesBuildPhase section */

/* Begin PBXSourcesBuildPhase section */
		A024035A2984ED8E00F5227C /* Sources */ = {
			isa = PBXSourcesBuildPhase;
			buildActionMask = 2147483647;
			files = (
				A024039A29855D2900F5227C /* LoginViewController.swift in Sources */,
				A02403A62985943000F5227C /* SearchResultsViewController.swift in Sources */,
				A02403A229857C0600F5227C /* FreeFoodsViewController.swift in Sources */,
				A024039E29855E2900F5227C /* AuthManager.swift in Sources */,
				A02403662984ED8E00F5227C /* MainTabBarViewController.swift in Sources */,
				A02403622984ED8E00F5227C /* AppDelegate.swift in Sources */,
				A024039C29855D3500F5227C /* RegisterViewController.swift in Sources */,
				A02403A42985932D00F5227C /* SearchViewController.swift in Sources */,
				A02403832985185A00F5227C /* CanteenViewController.swift in Sources */,
				A02403642984ED8E00F5227C /* SceneDelegate.swift in Sources */,
				A024037F2985180B00F5227C /* HomeViewController.swift in Sources */,
				A02403812985183000F5227C /* CafeViewController.swift in Sources */,
				A02403A029855EE300F5227C /* AuthenticationViewViewModel.swift in Sources */,
			);
			runOnlyForDeploymentPostprocessing = 0;
		};
/* End PBXSourcesBuildPhase section */

/* Begin PBXVariantGroup section */
		A024036C2984ED9100F5227C /* LaunchScreen.storyboard */ = {
			isa = PBXVariantGroup;
			children = (
				A024036D2984ED9100F5227C /* Base */,
			);
			name = LaunchScreen.storyboard;
			sourceTree = "<group>";
		};
/* End PBXVariantGroup section */

/* Begin XCBuildConfiguration section */
		A02403702984ED9100F5227C /* Debug */ = {
			isa = XCBuildConfiguration;
			buildSettings = {
				ALWAYS_SEARCH_USER_PATHS = NO;
				CLANG_ANALYZER_NONNULL = YES;
				CLANG_ANALYZER_NUMBER_OBJECT_CONVERSION = YES_AGGRESSIVE;
				CLANG_CXX_LANGUAGE_STANDARD = "gnu++20";
				CLANG_ENABLE_MODULES = YES;
				CLANG_ENABLE_OBJC_ARC = YES;
				CLANG_ENABLE_OBJC_WEAK = YES;
				CLANG_WARN_BLOCK_CAPTURE_AUTORELEASING = YES;
				CLANG_WARN_BOOL_CONVERSION = YES;
				CLANG_WARN_COMMA = YES;
				CLANG_WARN_CONSTANT_CONVERSION = YES;
				CLANG_WARN_DEPRECATED_OBJC_IMPLEMENTATIONS = YES;
				CLANG_WARN_DIRECT_OBJC_ISA_USAGE = YES_ERROR;
				CLANG_WARN_DOCUMENTATION_COMMENTS = YES;
				CLANG_WARN_EMPTY_BODY = YES;
				CLANG_WARN_ENUM_CONVERSION = YES;
				CLANG_WARN_INFINITE_RECURSION = YES;
				CLANG_WARN_INT_CONVERSION = YES;
				CLANG_WARN_NON_LITERAL_NULL_CONVERSION = YES;
				CLANG_WARN_OBJC_IMPLICIT_RETAIN_SELF = YES;
				CLANG_WARN_OBJC_LITERAL_CONVERSION = YES;
				CLANG_WARN_OBJC_ROOT_CLASS = YES_ERROR;
				CLANG_WARN_QUOTED_INCLUDE_IN_FRAMEWORK_HEADER = YES;
				CLANG_WARN_RANGE_LOOP_ANALYSIS = YES;
				CLANG_WARN_STRICT_PROTOTYPES = YES;
				CLANG_WARN_SUSPICIOUS_MOVE = YES;
				CLANG_WARN_UNGUARDED_AVAILABILITY = YES_AGGRESSIVE;
				CLANG_WARN_UNREACHABLE_CODE = YES;
				CLANG_WARN__DUPLICATE_METHOD_MATCH = YES;
				COPY_PHASE_STRIP = NO;
				DEBUG_INFORMATION_FORMAT = dwarf;
				ENABLE_STRICT_OBJC_MSGSEND = YES;
				ENABLE_TESTABILITY = YES;
				GCC_C_LANGUAGE_STANDARD = gnu11;
				GCC_DYNAMIC_NO_PIC = NO;
				GCC_NO_COMMON_BLOCKS = YES;
				GCC_OPTIMIZATION_LEVEL = 0;
				GCC_PREPROCESSOR_DEFINITIONS = (
					"DEBUG=1",
					"$(inherited)",
				);
				GCC_WARN_64_TO_32_BIT_CONVERSION = YES;
				GCC_WARN_ABOUT_RETURN_TYPE = YES_ERROR;
				GCC_WARN_UNDECLARED_SELECTOR = YES;
				GCC_WARN_UNINITIALIZED_AUTOS = YES_AGGRESSIVE;
				GCC_WARN_UNUSED_FUNCTION = YES;
				GCC_WARN_UNUSED_VARIABLE = YES;
				IPHONEOS_DEPLOYMENT_TARGET = 16.0;
				MTL_ENABLE_DEBUG_INFO = INCLUDE_SOURCE;
				MTL_FAST_MATH = YES;
				ONLY_ACTIVE_ARCH = YES;
				SDKROOT = iphoneos;
				SWIFT_ACTIVE_COMPILATION_CONDITIONS = DEBUG;
				SWIFT_OPTIMIZATION_LEVEL = "-Onone";
			};
			name = Debug;
		};
		A02403712984ED9100F5227C /* Release */ = {
			isa = XCBuildConfiguration;
			buildSettings = {
				ALWAYS_SEARCH_USER_PATHS = NO;
				CLANG_ANALYZER_NONNULL = YES;
				CLANG_ANALYZER_NUMBER_OBJECT_CONVERSION = YES_AGGRESSIVE;
				CLANG_CXX_LANGUAGE_STANDARD = "gnu++20";
				CLANG_ENABLE_MODULES = YES;
				CLANG_ENABLE_OBJC_ARC = YES;
				CLANG_ENABLE_OBJC_WEAK = YES;
				CLANG_WARN_BLOCK_CAPTURE_AUTORELEASING = YES;
				CLANG_WARN_BOOL_CONVERSION = YES;
				CLANG_WARN_COMMA = YES;
				CLANG_WARN_CONSTANT_CONVERSION = YES;
				CLANG_WARN_DEPRECATED_OBJC_IMPLEMENTATIONS = YES;
				CLANG_WARN_DIRECT_OBJC_ISA_USAGE = YES_ERROR;
				CLANG_WARN_DOCUMENTATION_COMMENTS = YES;
				CLANG_WARN_EMPTY_BODY = YES;
				CLANG_WARN_ENUM_CONVERSION = YES;
				CLANG_WARN_INFINITE_RECURSION = YES;
				CLANG_WARN_INT_CONVERSION = YES;
				CLANG_WARN_NON_LITERAL_NULL_CONVERSION = YES;
				CLANG_WARN_OBJC_IMPLICIT_RETAIN_SELF = YES;
				CLANG_WARN_OBJC_LITERAL_CONVERSION = YES;
				CLANG_WARN_OBJC_ROOT_CLASS = YES_ERROR;
				CLANG_WARN_QUOTED_INCLUDE_IN_FRAMEWORK_HEADER = YES;
				CLANG_WARN_RANGE_LOOP_ANALYSIS = YES;
				CLANG_WARN_STRICT_PROTOTYPES = YES;
				CLANG_WARN_SUSPICIOUS_MOVE = YES;
				CLANG_WARN_UNGUARDED_AVAILABILITY = YES_AGGRESSIVE;
				CLANG_WARN_UNREACHABLE_CODE = YES;
				CLANG_WARN__DUPLICATE_METHOD_MATCH = YES;
				COPY_PHASE_STRIP = NO;
				DEBUG_INFORMATION_FORMAT = "dwarf-with-dsym";
				ENABLE_NS_ASSERTIONS = NO;
				ENABLE_STRICT_OBJC_MSGSEND = YES;
				GCC_C_LANGUAGE_STANDARD = gnu11;
				GCC_NO_COMMON_BLOCKS = YES;
				GCC_WARN_64_TO_32_BIT_CONVERSION = YES;
				GCC_WARN_ABOUT_RETURN_TYPE = YES_ERROR;
				GCC_WARN_UNDECLARED_SELECTOR = YES;
				GCC_WARN_UNINITIALIZED_AUTOS = YES_AGGRESSIVE;
				GCC_WARN_UNUSED_FUNCTION = YES;
				GCC_WARN_UNUSED_VARIABLE = YES;
				IPHONEOS_DEPLOYMENT_TARGET = 16.0;
				MTL_ENABLE_DEBUG_INFO = NO;
				MTL_FAST_MATH = YES;
				SDKROOT = iphoneos;
				SWIFT_COMPILATION_MODE = wholemodule;
				SWIFT_OPTIMIZATION_LEVEL = "-O";
				VALIDATE_PRODUCT = YES;
			};
			name = Release;
		};
		A02403732984ED9100F5227C /* Debug */ = {
			isa = XCBuildConfiguration;
			buildSettings = {
				ASSETCATALOG_COMPILER_APPICON_NAME = AppIcon;
				ASSETCATALOG_COMPILER_GLOBAL_ACCENT_COLOR_NAME = AccentColor;
				CODE_SIGN_STYLE = Automatic;
				CURRENT_PROJECT_VERSION = 1;
				GENERATE_INFOPLIST_FILE = YES;
				INFOPLIST_FILE = "Manas-Menu/Info.plist";
				INFOPLIST_KEY_UIApplicationSupportsIndirectInputEvents = YES;
				INFOPLIST_KEY_UILaunchStoryboardName = LaunchScreen;
				INFOPLIST_KEY_UISupportedInterfaceOrientations_iPad = "UIInterfaceOrientationPortrait UIInterfaceOrientationPortraitUpsideDown UIInterfaceOrientationLandscapeLeft UIInterfaceOrientationLandscapeRight";
				INFOPLIST_KEY_UISupportedInterfaceOrientations_iPhone = "UIInterfaceOrientationPortrait UIInterfaceOrientationLandscapeLeft UIInterfaceOrientationLandscapeRight";
				LD_RUNPATH_SEARCH_PATHS = (
					"$(inherited)",
					"@executable_path/Frameworks",
				);
				MARKETING_VERSION = 1.0;
				PRODUCT_BUNDLE_IDENTIFIER = "com.abkubatt.Manas-Menu";
				PRODUCT_NAME = "$(TARGET_NAME)";
				SWIFT_EMIT_LOC_STRINGS = YES;
				SWIFT_VERSION = 5.0;
				TARGETED_DEVICE_FAMILY = "1,2";
			};
			name = Debug;
		};
		A02403742984ED9100F5227C /* Release */ = {
			isa = XCBuildConfiguration;
			buildSettings = {
				ASSETCATALOG_COMPILER_APPICON_NAME = AppIcon;
				ASSETCATALOG_COMPILER_GLOBAL_ACCENT_COLOR_NAME = AccentColor;
				CODE_SIGN_STYLE = Automatic;
				CURRENT_PROJECT_VERSION = 1;
				GENERATE_INFOPLIST_FILE = YES;
				INFOPLIST_FILE = "Manas-Menu/Info.plist";
				INFOPLIST_KEY_UIApplicationSupportsIndirectInputEvents = YES;
				INFOPLIST_KEY_UILaunchStoryboardName = LaunchScreen;
				INFOPLIST_KEY_UISupportedInterfaceOrientations_iPad = "UIInterfaceOrientationPortrait UIInterfaceOrientationPortraitUpsideDown UIInterfaceOrientationLandscapeLeft UIInterfaceOrientationLandscapeRight";
				INFOPLIST_KEY_UISupportedInterfaceOrientations_iPhone = "UIInterfaceOrientationPortrait UIInterfaceOrientationLandscapeLeft UIInterfaceOrientationLandscapeRight";
				LD_RUNPATH_SEARCH_PATHS = (
					"$(inherited)",
					"@executable_path/Frameworks",
				);
				MARKETING_VERSION = 1.0;
				PRODUCT_BUNDLE_IDENTIFIER = "com.abkubatt.Manas-Menu";
				PRODUCT_NAME = "$(TARGET_NAME)";
				SWIFT_EMIT_LOC_STRINGS = YES;
				SWIFT_VERSION = 5.0;
				TARGETED_DEVICE_FAMILY = "1,2";
			};
			name = Release;
		};
/* End XCBuildConfiguration section */

/* Begin XCConfigurationList section */
		A02403592984ED8E00F5227C /* Build configuration list for PBXProject "Manas-Menu" */ = {
			isa = XCConfigurationList;
			buildConfigurations = (
				A02403702984ED9100F5227C /* Debug */,
				A02403712984ED9100F5227C /* Release */,
			);
			defaultConfigurationIsVisible = 0;
			defaultConfigurationName = Release;
		};
		A02403722984ED9100F5227C /* Build configuration list for PBXNativeTarget "Manas-Menu" */ = {
			isa = XCConfigurationList;
			buildConfigurations = (
				A02403732984ED9100F5227C /* Debug */,
				A02403742984ED9100F5227C /* Release */,
			);
			defaultConfigurationIsVisible = 0;
			defaultConfigurationName = Release;
		};
/* End XCConfigurationList section */

/* Begin XCRemoteSwiftPackageReference section */
		A0240386298555CD00F5227C /* XCRemoteSwiftPackageReference "firebase-ios-sdk" */ = {
			isa = XCRemoteSwiftPackageReference;
			repositoryURL = "https://github.com/firebase/firebase-ios-sdk";
			requirement = {
				kind = upToNextMinorVersion;
				minimumVersion = 9.6.0;
			};
		};
/* End XCRemoteSwiftPackageReference section */

/* Begin XCSwiftPackageProductDependency section */
		A0240387298555CD00F5227C /* FirebaseAuth */ = {
			isa = XCSwiftPackageProductDependency;
			package = A0240386298555CD00F5227C /* XCRemoteSwiftPackageReference "firebase-ios-sdk" */;
			productName = FirebaseAuth;
		};
		A0240389298555CD00F5227C /* FirebaseAuthCombine-Community */ = {
			isa = XCSwiftPackageProductDependency;
			package = A0240386298555CD00F5227C /* XCRemoteSwiftPackageReference "firebase-ios-sdk" */;
			productName = "FirebaseAuthCombine-Community";
		};
		A024038B298555CD00F5227C /* FirebaseDatabase */ = {
			isa = XCSwiftPackageProductDependency;
			package = A0240386298555CD00F5227C /* XCRemoteSwiftPackageReference "firebase-ios-sdk" */;
			productName = FirebaseDatabase;
		};
		A024038D298555CD00F5227C /* FirebaseDatabaseSwift */ = {
			isa = XCSwiftPackageProductDependency;
			package = A0240386298555CD00F5227C /* XCRemoteSwiftPackageReference "firebase-ios-sdk" */;
			productName = FirebaseDatabaseSwift;
		};
		A024038F298555CD00F5227C /* FirebaseFirestore */ = {
			isa = XCSwiftPackageProductDependency;
			package = A0240386298555CD00F5227C /* XCRemoteSwiftPackageReference "firebase-ios-sdk" */;
			productName = FirebaseFirestore;
		};
		A0240391298555CD00F5227C /* FirebaseFirestoreCombine-Community */ = {
			isa = XCSwiftPackageProductDependency;
			package = A0240386298555CD00F5227C /* XCRemoteSwiftPackageReference "firebase-ios-sdk" */;
			productName = "FirebaseFirestoreCombine-Community";
		};
		A0240393298555CD00F5227C /* FirebaseFirestoreSwift */ = {
			isa = XCSwiftPackageProductDependency;
			package = A0240386298555CD00F5227C /* XCRemoteSwiftPackageReference "firebase-ios-sdk" */;
			productName = FirebaseFirestoreSwift;
		};
		A0240395298555CD00F5227C /* FirebaseStorage */ = {
			isa = XCSwiftPackageProductDependency;
			package = A0240386298555CD00F5227C /* XCRemoteSwiftPackageReference "firebase-ios-sdk" */;
			productName = FirebaseStorage;
		};
		A0240397298555CD00F5227C /* FirebaseStorageCombine-Community */ = {
			isa = XCSwiftPackageProductDependency;
			package = A0240386298555CD00F5227C /* XCRemoteSwiftPackageReference "firebase-ios-sdk" */;
			productName = "FirebaseStorageCombine-Community";
		};
/* End XCSwiftPackageProductDependency section */
	};
	rootObject = A02403562984ED8E00F5227C /* Project object */;
}
