// !$*UTF8*$!
{
	archiveVersion = 1;
	classes = {
	};
	objectVersion = 56;
	objects = {

/* Begin PBXBuildFile section */
		9C310CE79D484B7CCC4B3548 /* Pods_Manas_Menu.framework in Frameworks */ = {isa = PBXBuildFile; fileRef = 848614D67D1F7837D5911F4D /* Pods_Manas_Menu.framework */; };
		A02403622984ED8E00F5227C /* AppDelegate.swift in Sources */ = {isa = PBXBuildFile; fileRef = A02403612984ED8E00F5227C /* AppDelegate.swift */; };
		A02403642984ED8E00F5227C /* SceneDelegate.swift in Sources */ = {isa = PBXBuildFile; fileRef = A02403632984ED8E00F5227C /* SceneDelegate.swift */; };
		A02403662984ED8E00F5227C /* MainTabBarViewController.swift in Sources */ = {isa = PBXBuildFile; fileRef = A02403652984ED8E00F5227C /* MainTabBarViewController.swift */; };
		A024036B2984ED9100F5227C /* Assets.xcassets in Resources */ = {isa = PBXBuildFile; fileRef = A024036A2984ED9100F5227C /* Assets.xcassets */; };
		A024036E2984ED9100F5227C /* LaunchScreen.storyboard in Resources */ = {isa = PBXBuildFile; fileRef = A024036C2984ED9100F5227C /* LaunchScreen.storyboard */; };
		A024037F2985180B00F5227C /* HomeViewController.swift in Sources */ = {isa = PBXBuildFile; fileRef = A024037E2985180B00F5227C /* HomeViewController.swift */; };
		A02403812985183000F5227C /* CafeViewController.swift in Sources */ = {isa = PBXBuildFile; fileRef = A02403802985183000F5227C /* CafeViewController.swift */; };
		A02403832985185A00F5227C /* CanteenViewController.swift in Sources */ = {isa = PBXBuildFile; fileRef = A02403822985185A00F5227C /* CanteenViewController.swift */; };
		A02403852985532800F5227C /* GoogleService-Info.plist in Resources */ = {isa = PBXBuildFile; fileRef = A02403842985532800F5227C /* GoogleService-Info.plist */; };
		A0240388298555CD00F5227C /* FirebaseAuth in Frameworks */ = {isa = PBXBuildFile; productRef = A0240387298555CD00F5227C /* FirebaseAuth */; };
		A024038A298555CD00F5227C /* FirebaseAuthCombine-Community in Frameworks */ = {isa = PBXBuildFile; productRef = A0240389298555CD00F5227C /* FirebaseAuthCombine-Community */; };
		A024038C298555CD00F5227C /* FirebaseDatabase in Frameworks */ = {isa = PBXBuildFile; productRef = A024038B298555CD00F5227C /* FirebaseDatabase */; };
		A024038E298555CD00F5227C /* FirebaseDatabaseSwift in Frameworks */ = {isa = PBXBuildFile; productRef = A024038D298555CD00F5227C /* FirebaseDatabaseSwift */; };
		A0240390298555CD00F5227C /* FirebaseFirestore in Frameworks */ = {isa = PBXBuildFile; productRef = A024038F298555CD00F5227C /* FirebaseFirestore */; };
		A0240392298555CD00F5227C /* FirebaseFirestoreCombine-Community in Frameworks */ = {isa = PBXBuildFile; productRef = A0240391298555CD00F5227C /* FirebaseFirestoreCombine-Community */; };
		A0240394298555CD00F5227C /* FirebaseFirestoreSwift in Frameworks */ = {isa = PBXBuildFile; productRef = A0240393298555CD00F5227C /* FirebaseFirestoreSwift */; };
		A0240396298555CD00F5227C /* FirebaseStorage in Frameworks */ = {isa = PBXBuildFile; productRef = A0240395298555CD00F5227C /* FirebaseStorage */; };
		A0240398298555CD00F5227C /* FirebaseStorageCombine-Community in Frameworks */ = {isa = PBXBuildFile; productRef = A0240397298555CD00F5227C /* FirebaseStorageCombine-Community */; };
		A024039A29855D2900F5227C /* LoginViewController.swift in Sources */ = {isa = PBXBuildFile; fileRef = A024039929855D2900F5227C /* LoginViewController.swift */; };
		A024039C29855D3500F5227C /* RegisterViewController.swift in Sources */ = {isa = PBXBuildFile; fileRef = A024039B29855D3500F5227C /* RegisterViewController.swift */; };
		A024039E29855E2900F5227C /* AuthManager.swift in Sources */ = {isa = PBXBuildFile; fileRef = A024039D29855E2900F5227C /* AuthManager.swift */; };
		A02403A029855EE300F5227C /* AuthenticationViewViewModel.swift in Sources */ = {isa = PBXBuildFile; fileRef = A024039F29855EE300F5227C /* AuthenticationViewViewModel.swift */; };
		A02403A229857C0600F5227C /* FreeFoodsViewController.swift in Sources */ = {isa = PBXBuildFile; fileRef = A02403A129857C0600F5227C /* FreeFoodsViewController.swift */; };
		A02403A42985932D00F5227C /* SearchViewController.swift in Sources */ = {isa = PBXBuildFile; fileRef = A02403A32985932C00F5227C /* SearchViewController.swift */; };
		A02403A62985943000F5227C /* SearchResultsViewController.swift in Sources */ = {isa = PBXBuildFile; fileRef = A02403A52985943000F5227C /* SearchResultsViewController.swift */; };
		A031581229B9FA80006090CD /* ResetPasswordViewController.swift in Sources */ = {isa = PBXBuildFile; fileRef = A031581129B9FA80006090CD /* ResetPasswordViewController.swift */; };
		A06EA1DE298E9B1F00223CD8 /* NotificationNameExtension.swift in Sources */ = {isa = PBXBuildFile; fileRef = A06EA1DD298E9B1F00223CD8 /* NotificationNameExtension.swift */; };
		A06EA23329C4D533009FCB08 /* UIColorExtension.swift in Sources */ = {isa = PBXBuildFile; fileRef = A06EA23229C4D533009FCB08 /* UIColorExtension.swift */; };
		A0728B7E29BF073200B3C00B /* ManageListTableViewCell.swift in Sources */ = {isa = PBXBuildFile; fileRef = A0728B7D29BF073200B3C00B /* ManageListTableViewCell.swift */; };
		A073542B299662B200FD74C9 /* MenuTableViewCell.swift in Sources */ = {isa = PBXBuildFile; fileRef = A073542A299662B200FD74C9 /* MenuTableViewCell.swift */; };
		A077D4D429C0E5E400C5751F /* MyDeleteTableViewCell.swift in Sources */ = {isa = PBXBuildFile; fileRef = A077D4D329C0E5E400C5751F /* MyDeleteTableViewCell.swift */; };
		A081253129C3662100A05D4D /* UserRole.swift in Sources */ = {isa = PBXBuildFile; fileRef = A081253029C3662100A05D4D /* UserRole.swift */; };
		A08188BB29BC4F6C00499A71 /* Menus.swift in Sources */ = {isa = PBXBuildFile; fileRef = A08188BA29BC4F6C00499A71 /* Menus.swift */; };
		A08188BD29BC759E00499A71 /* APIFirebase.swift in Sources */ = {isa = PBXBuildFile; fileRef = A08188BC29BC759E00499A71 /* APIFirebase.swift */; };
		A083B60329C4B96C00B0E405 /* AddFoodViewController.swift in Sources */ = {isa = PBXBuildFile; fileRef = A083B60229C4B96C00B0E405 /* AddFoodViewController.swift */; };
		A083B60529C4B98800B0E405 /* UpdateFoodViewController.swift in Sources */ = {isa = PBXBuildFile; fileRef = A083B60429C4B98800B0E405 /* UpdateFoodViewController.swift */; };
		A083B60729C4B9AA00B0E405 /* DeleteFoodViewController.swift in Sources */ = {isa = PBXBuildFile; fileRef = A083B60629C4B9AA00B0E405 /* DeleteFoodViewController.swift */; };
		A083B60929C4BC0F00B0E405 /* DetailUpdateFoodViewController.swift in Sources */ = {isa = PBXBuildFile; fileRef = A083B60829C4BC0F00B0E405 /* DetailUpdateFoodViewController.swift */; };
		A084307929C1FB8B004BA81C /* DetailUpdateMenuViewController.swift in Sources */ = {isa = PBXBuildFile; fileRef = A084307829C1FB8B004BA81C /* DetailUpdateMenuViewController.swift */; };
		A084539E29CC5F3000BBA66A /* Canteen.swift in Sources */ = {isa = PBXBuildFile; fileRef = A084539D29CC5F3000BBA66A /* Canteen.swift */; };
		A0853A0B29865FEA001081B2 /* SDWebImage in Frameworks */ = {isa = PBXBuildFile; productRef = A0853A0A29865FEA001081B2 /* SDWebImage */; };
		A0853A0D29865FEA001081B2 /* SDWebImageMapKit in Frameworks */ = {isa = PBXBuildFile; productRef = A0853A0C29865FEA001081B2 /* SDWebImageMapKit */; };
		A0853A0F2986600C001081B2 /* Carousel.swift in Sources */ = {isa = PBXBuildFile; fileRef = A0853A0E2986600C001081B2 /* Carousel.swift */; };
		A0853A1129866050001081B2 /* CarouselLayout.swift in Sources */ = {isa = PBXBuildFile; fileRef = A0853A1029866050001081B2 /* CarouselLayout.swift */; };
		A0853A14298673F2001081B2 /* UniversityImages.swift in Sources */ = {isa = PBXBuildFile; fileRef = A0853A13298673F2001081B2 /* UniversityImages.swift */; };
		A0938E5F29A86672007B1727 /* TitleTableViewCell.swift in Sources */ = {isa = PBXBuildFile; fileRef = A0938E5E29A86672007B1727 /* TitleTableViewCell.swift */; };
		A0997F8529C20AAD00101AA6 /* DetailUpdateCanteenViewController.swift in Sources */ = {isa = PBXBuildFile; fileRef = A0997F8429C20AAD00101AA6 /* DetailUpdateCanteenViewController.swift */; };
		A0997F8729C20EA400101AA6 /* DetailUpdateFreeFoodsViewController.swift in Sources */ = {isa = PBXBuildFile; fileRef = A0997F8629C20EA400101AA6 /* DetailUpdateFreeFoodsViewController.swift */; };
		A0A08C0F29892F1C007FD406 /* StringExtension.swift in Sources */ = {isa = PBXBuildFile; fileRef = A0A08C0E29892F1C007FD406 /* StringExtension.swift */; };
		A0A08C11298930AF007FD406 /* Title.swift in Sources */ = {isa = PBXBuildFile; fileRef = A0A08C10298930AF007FD406 /* Title.swift */; };
		A0A08C14298930EC007FD406 /* Sections.swift in Sources */ = {isa = PBXBuildFile; fileRef = A0A08C13298930EC007FD406 /* Sections.swift */; };
		A0A08C16298931EC007FD406 /* CollectionViewTableViewCell.swift in Sources */ = {isa = PBXBuildFile; fileRef = A0A08C15298931EC007FD406 /* CollectionViewTableViewCell.swift */; };
		A0A08C1829893240007FD406 /* APICaller.swift in Sources */ = {isa = PBXBuildFile; fileRef = A0A08C1729893240007FD406 /* APICaller.swift */; };
		A0A08C1A29893285007FD406 /* TitleViewModel.swift in Sources */ = {isa = PBXBuildFile; fileRef = A0A08C1929893285007FD406 /* TitleViewModel.swift */; };
		A0A08C1C29893322007FD406 /* TitlePreviewViewModel.swift in Sources */ = {isa = PBXBuildFile; fileRef = A0A08C1B29893322007FD406 /* TitlePreviewViewModel.swift */; };
		A0A08C1E29893378007FD406 /* TitlePreviewViewController.swift in Sources */ = {isa = PBXBuildFile; fileRef = A0A08C1D29893378007FD406 /* TitlePreviewViewController.swift */; };
		A0A08C20298933C7007FD406 /* YoutubeSearchResponse.swift in Sources */ = {isa = PBXBuildFile; fileRef = A0A08C1F298933C7007FD406 /* YoutubeSearchResponse.swift */; };
		A0A08C2229893432007FD406 /* TitleCollectionViewCell.swift in Sources */ = {isa = PBXBuildFile; fileRef = A0A08C2129893432007FD406 /* TitleCollectionViewCell.swift */; };
		A0A08C2429893469007FD406 /* DataPersistenceManager.swift in Sources */ = {isa = PBXBuildFile; fileRef = A0A08C2329893469007FD406 /* DataPersistenceManager.swift */; };
		A0B4C38029BF382F00583E7A /* UpdateMenuViewController.swift in Sources */ = {isa = PBXBuildFile; fileRef = A0B4C37F29BF382F00583E7A /* UpdateMenuViewController.swift */; };
		A0B4C38229BF385300583E7A /* DeleteMenuViewController.swift in Sources */ = {isa = PBXBuildFile; fileRef = A0B4C38129BF385300583E7A /* DeleteMenuViewController.swift */; };
		A0B4C38429BF388000583E7A /* AddCanteenFoodsViewController.swift in Sources */ = {isa = PBXBuildFile; fileRef = A0B4C38329BF388000583E7A /* AddCanteenFoodsViewController.swift */; };
		A0B4C38629BF38B100583E7A /* UpdateCanteenFoodsViewController.swift in Sources */ = {isa = PBXBuildFile; fileRef = A0B4C38529BF38B100583E7A /* UpdateCanteenFoodsViewController.swift */; };
		A0B4C38829BF38D200583E7A /* DeleteCanteenFoodsViewController.swift in Sources */ = {isa = PBXBuildFile; fileRef = A0B4C38729BF38D200583E7A /* DeleteCanteenFoodsViewController.swift */; };
		A0B4C38A29BF38F000583E7A /* AddFreeFoodsViewController.swift in Sources */ = {isa = PBXBuildFile; fileRef = A0B4C38929BF38F000583E7A /* AddFreeFoodsViewController.swift */; };
		A0B4C38C29BF391500583E7A /* UpdateFreeFoodsViewController.swift in Sources */ = {isa = PBXBuildFile; fileRef = A0B4C38B29BF391400583E7A /* UpdateFreeFoodsViewController.swift */; };
		A0B4C38E29BF393F00583E7A /* DeleteFreeFoodsViewController.swift in Sources */ = {isa = PBXBuildFile; fileRef = A0B4C38D29BF393F00583E7A /* DeleteFreeFoodsViewController.swift */; };
		A0C307E729BB754D001F3230 /* Menu.swift in Sources */ = {isa = PBXBuildFile; fileRef = A0C307E629BB754D001F3230 /* Menu.swift */; };
		A0E9428B29BB2D8500F24A27 /* ManageViewController.swift in Sources */ = {isa = PBXBuildFile; fileRef = A0E9428A29BB2D8500F24A27 /* ManageViewController.swift */; };
		A0E9FD7A29BE297D006F89DC /* AddMenuViewController.swift in Sources */ = {isa = PBXBuildFile; fileRef = A0E9FD7929BE297D006F89DC /* AddMenuViewController.swift */; };
		A0EBFA8C298FB79C002F7B16 /* RMCharacterListView.swift in Sources */ = {isa = PBXBuildFile; fileRef = A0EBFA8B298FB79C002F7B16 /* RMCharacterListView.swift */; };
		A0EBFA8E298FB87B002F7B16 /* RMLocation.swift in Sources */ = {isa = PBXBuildFile; fileRef = A0EBFA8D298FB87B002F7B16 /* RMLocation.swift */; };
		A0EBFA90298FB8A1002F7B16 /* RMCharacter.swift in Sources */ = {isa = PBXBuildFile; fileRef = A0EBFA8F298FB8A1002F7B16 /* RMCharacter.swift */; };
		A0EBFA92298FB8B6002F7B16 /* RMEpisode.swift in Sources */ = {isa = PBXBuildFile; fileRef = A0EBFA91298FB8B6002F7B16 /* RMEpisode.swift */; };
		A0EBFA94298FB8CE002F7B16 /* RMCharacterStatus.swift in Sources */ = {isa = PBXBuildFile; fileRef = A0EBFA93298FB8CE002F7B16 /* RMCharacterStatus.swift */; };
		A0EBFA96298FB8E7002F7B16 /* RMCharacterGender.swift in Sources */ = {isa = PBXBuildFile; fileRef = A0EBFA95298FB8E7002F7B16 /* RMCharacterGender.swift */; };
		A0EBFA98298FB95B002F7B16 /* RMSingleLocation.swift in Sources */ = {isa = PBXBuildFile; fileRef = A0EBFA97298FB95B002F7B16 /* RMSingleLocation.swift */; };
		A0EBFA9A298FB97C002F7B16 /* RMOrigin.swift in Sources */ = {isa = PBXBuildFile; fileRef = A0EBFA99298FB97C002F7B16 /* RMOrigin.swift */; };
		A0EBFA9C298FB9AB002F7B16 /* RMGetAllCharactersResponse.swift in Sources */ = {isa = PBXBuildFile; fileRef = A0EBFA9B298FB9AB002F7B16 /* RMGetAllCharactersResponse.swift */; };
		A0EBFA9E298FBA0E002F7B16 /* RMCharacterDetailViewViewModel.swift in Sources */ = {isa = PBXBuildFile; fileRef = A0EBFA9D298FBA0E002F7B16 /* RMCharacterDetailViewViewModel.swift */; };
		A0EBFAA2298FBA90002F7B16 /* RMCharacterDetailViewController.swift in Sources */ = {isa = PBXBuildFile; fileRef = A0EBFAA1298FBA90002F7B16 /* RMCharacterDetailViewController.swift */; };
		A0EBFAA5298FBAFF002F7B16 /* RMCharacterListViewViewModel.swift in Sources */ = {isa = PBXBuildFile; fileRef = A0EBFAA4298FBAFF002F7B16 /* RMCharacterListViewViewModel.swift */; };
		A0EBFAA7298FBB2E002F7B16 /* RMCharacterCollectionViewCellViewModel.swift in Sources */ = {isa = PBXBuildFile; fileRef = A0EBFAA6298FBB2E002F7B16 /* RMCharacterCollectionViewCellViewModel.swift */; };
		A0EBFAAA298FBB94002F7B16 /* RMCharacterCollectionViewCell.swift in Sources */ = {isa = PBXBuildFile; fileRef = A0EBFAA9298FBB94002F7B16 /* RMCharacterCollectionViewCell.swift */; };
		A0EBFAAC298FBBCB002F7B16 /* RMService.swift in Sources */ = {isa = PBXBuildFile; fileRef = A0EBFAAB298FBBCB002F7B16 /* RMService.swift */; };
		A0EBFAAE298FBBE0002F7B16 /* RMRequest.swift in Sources */ = {isa = PBXBuildFile; fileRef = A0EBFAAD298FBBE0002F7B16 /* RMRequest.swift */; };
		A0EBFAB0298FBBF1002F7B16 /* RMEndpoint.swift in Sources */ = {isa = PBXBuildFile; fileRef = A0EBFAAF298FBBF1002F7B16 /* RMEndpoint.swift */; };
		A0EBFAB2298FBC29002F7B16 /* RMFooterLoadingCollectionReusableView.swift in Sources */ = {isa = PBXBuildFile; fileRef = A0EBFAB1298FBC29002F7B16 /* RMFooterLoadingCollectionReusableView.swift */; };
		A0EBFAB4298FBCD6002F7B16 /* UIViewExtension.swift in Sources */ = {isa = PBXBuildFile; fileRef = A0EBFAB3298FBCD6002F7B16 /* UIViewExtension.swift */; };
		A0EBFAB6298FDF1F002F7B16 /* SettingsViewController.swift in Sources */ = {isa = PBXBuildFile; fileRef = A0EBFAB5298FDF1F002F7B16 /* SettingsViewController.swift */; };
/* End PBXBuildFile section */

/* Begin PBXFileReference section */
		61A5CE2DDE77C56460A38147 /* Pods-Manas-Menu.release.xcconfig */ = {isa = PBXFileReference; includeInIndex = 1; lastKnownFileType = text.xcconfig; name = "Pods-Manas-Menu.release.xcconfig"; path = "Target Support Files/Pods-Manas-Menu/Pods-Manas-Menu.release.xcconfig"; sourceTree = "<group>"; };
		848614D67D1F7837D5911F4D /* Pods_Manas_Menu.framework */ = {isa = PBXFileReference; explicitFileType = wrapper.framework; includeInIndex = 0; path = Pods_Manas_Menu.framework; sourceTree = BUILT_PRODUCTS_DIR; };
		892EF9386621FB46C6E5A38F /* Pods-Manas-Menu.debug.xcconfig */ = {isa = PBXFileReference; includeInIndex = 1; lastKnownFileType = text.xcconfig; name = "Pods-Manas-Menu.debug.xcconfig"; path = "Target Support Files/Pods-Manas-Menu/Pods-Manas-Menu.debug.xcconfig"; sourceTree = "<group>"; };
		A024035E2984ED8E00F5227C /* Manas-Menu.app */ = {isa = PBXFileReference; explicitFileType = wrapper.application; includeInIndex = 0; path = "Manas-Menu.app"; sourceTree = BUILT_PRODUCTS_DIR; };
		A02403612984ED8E00F5227C /* AppDelegate.swift */ = {isa = PBXFileReference; lastKnownFileType = sourcecode.swift; path = AppDelegate.swift; sourceTree = "<group>"; };
		A02403632984ED8E00F5227C /* SceneDelegate.swift */ = {isa = PBXFileReference; lastKnownFileType = sourcecode.swift; path = SceneDelegate.swift; sourceTree = "<group>"; };
		A02403652984ED8E00F5227C /* MainTabBarViewController.swift */ = {isa = PBXFileReference; lastKnownFileType = sourcecode.swift; path = MainTabBarViewController.swift; sourceTree = "<group>"; };
		A024036A2984ED9100F5227C /* Assets.xcassets */ = {isa = PBXFileReference; lastKnownFileType = folder.assetcatalog; path = Assets.xcassets; sourceTree = "<group>"; };
		A024036D2984ED9100F5227C /* Base */ = {isa = PBXFileReference; lastKnownFileType = file.storyboard; name = Base; path = Base.lproj/LaunchScreen.storyboard; sourceTree = "<group>"; };
		A024036F2984ED9100F5227C /* Info.plist */ = {isa = PBXFileReference; lastKnownFileType = text.plist.xml; path = Info.plist; sourceTree = "<group>"; };
		A024037E2985180B00F5227C /* HomeViewController.swift */ = {isa = PBXFileReference; lastKnownFileType = sourcecode.swift; path = HomeViewController.swift; sourceTree = "<group>"; };
		A02403802985183000F5227C /* CafeViewController.swift */ = {isa = PBXFileReference; lastKnownFileType = sourcecode.swift; path = CafeViewController.swift; sourceTree = "<group>"; };
		A02403822985185A00F5227C /* CanteenViewController.swift */ = {isa = PBXFileReference; lastKnownFileType = sourcecode.swift; path = CanteenViewController.swift; sourceTree = "<group>"; };
		A02403842985532800F5227C /* GoogleService-Info.plist */ = {isa = PBXFileReference; fileEncoding = 4; lastKnownFileType = text.plist.xml; path = "GoogleService-Info.plist"; sourceTree = "<group>"; };
		A024039929855D2900F5227C /* LoginViewController.swift */ = {isa = PBXFileReference; lastKnownFileType = sourcecode.swift; path = LoginViewController.swift; sourceTree = "<group>"; };
		A024039B29855D3500F5227C /* RegisterViewController.swift */ = {isa = PBXFileReference; lastKnownFileType = sourcecode.swift; path = RegisterViewController.swift; sourceTree = "<group>"; };
		A024039D29855E2900F5227C /* AuthManager.swift */ = {isa = PBXFileReference; lastKnownFileType = sourcecode.swift; path = AuthManager.swift; sourceTree = "<group>"; };
		A024039F29855EE300F5227C /* AuthenticationViewViewModel.swift */ = {isa = PBXFileReference; lastKnownFileType = sourcecode.swift; path = AuthenticationViewViewModel.swift; sourceTree = "<group>"; };
		A02403A129857C0600F5227C /* FreeFoodsViewController.swift */ = {isa = PBXFileReference; lastKnownFileType = sourcecode.swift; path = FreeFoodsViewController.swift; sourceTree = "<group>"; };
		A02403A32985932C00F5227C /* SearchViewController.swift */ = {isa = PBXFileReference; lastKnownFileType = sourcecode.swift; path = SearchViewController.swift; sourceTree = "<group>"; };
		A02403A52985943000F5227C /* SearchResultsViewController.swift */ = {isa = PBXFileReference; lastKnownFileType = sourcecode.swift; path = SearchResultsViewController.swift; sourceTree = "<group>"; };
		A031581129B9FA80006090CD /* ResetPasswordViewController.swift */ = {isa = PBXFileReference; lastKnownFileType = sourcecode.swift; path = ResetPasswordViewController.swift; sourceTree = "<group>"; };
		A06EA1DD298E9B1F00223CD8 /* NotificationNameExtension.swift */ = {isa = PBXFileReference; lastKnownFileType = sourcecode.swift; path = NotificationNameExtension.swift; sourceTree = "<group>"; };
		A06EA23229C4D533009FCB08 /* UIColorExtension.swift */ = {isa = PBXFileReference; lastKnownFileType = sourcecode.swift; path = UIColorExtension.swift; sourceTree = "<group>"; };
		A0728B7D29BF073200B3C00B /* ManageListTableViewCell.swift */ = {isa = PBXFileReference; lastKnownFileType = sourcecode.swift; path = ManageListTableViewCell.swift; sourceTree = "<group>"; };
		A073542A299662B200FD74C9 /* MenuTableViewCell.swift */ = {isa = PBXFileReference; lastKnownFileType = sourcecode.swift; path = MenuTableViewCell.swift; sourceTree = "<group>"; };
		A077D4D329C0E5E400C5751F /* MyDeleteTableViewCell.swift */ = {isa = PBXFileReference; lastKnownFileType = sourcecode.swift; path = MyDeleteTableViewCell.swift; sourceTree = "<group>"; };
		A081253029C3662100A05D4D /* UserRole.swift */ = {isa = PBXFileReference; lastKnownFileType = sourcecode.swift; path = UserRole.swift; sourceTree = "<group>"; };
		A08188BA29BC4F6C00499A71 /* Menus.swift */ = {isa = PBXFileReference; lastKnownFileType = sourcecode.swift; path = Menus.swift; sourceTree = "<group>"; };
		A08188BC29BC759E00499A71 /* APIFirebase.swift */ = {isa = PBXFileReference; lastKnownFileType = sourcecode.swift; path = APIFirebase.swift; sourceTree = "<group>"; };
		A083B60229C4B96C00B0E405 /* AddFoodViewController.swift */ = {isa = PBXFileReference; lastKnownFileType = sourcecode.swift; path = AddFoodViewController.swift; sourceTree = "<group>"; };
		A083B60429C4B98800B0E405 /* UpdateFoodViewController.swift */ = {isa = PBXFileReference; lastKnownFileType = sourcecode.swift; path = UpdateFoodViewController.swift; sourceTree = "<group>"; };
		A083B60629C4B9AA00B0E405 /* DeleteFoodViewController.swift */ = {isa = PBXFileReference; lastKnownFileType = sourcecode.swift; path = DeleteFoodViewController.swift; sourceTree = "<group>"; };
		A083B60829C4BC0F00B0E405 /* DetailUpdateFoodViewController.swift */ = {isa = PBXFileReference; lastKnownFileType = sourcecode.swift; path = DetailUpdateFoodViewController.swift; sourceTree = "<group>"; };
		A084307829C1FB8B004BA81C /* DetailUpdateMenuViewController.swift */ = {isa = PBXFileReference; lastKnownFileType = sourcecode.swift; path = DetailUpdateMenuViewController.swift; sourceTree = "<group>"; };
		A084539D29CC5F3000BBA66A /* Canteen.swift */ = {isa = PBXFileReference; lastKnownFileType = sourcecode.swift; path = Canteen.swift; sourceTree = "<group>"; };
		A0853A0E2986600C001081B2 /* Carousel.swift */ = {isa = PBXFileReference; lastKnownFileType = sourcecode.swift; path = Carousel.swift; sourceTree = "<group>"; };
		A0853A1029866050001081B2 /* CarouselLayout.swift */ = {isa = PBXFileReference; lastKnownFileType = sourcecode.swift; path = CarouselLayout.swift; sourceTree = "<group>"; };
		A0853A13298673F2001081B2 /* UniversityImages.swift */ = {isa = PBXFileReference; lastKnownFileType = sourcecode.swift; path = UniversityImages.swift; sourceTree = "<group>"; };
		A0938E5E29A86672007B1727 /* TitleTableViewCell.swift */ = {isa = PBXFileReference; lastKnownFileType = sourcecode.swift; path = TitleTableViewCell.swift; sourceTree = "<group>"; };
		A0997F8429C20AAD00101AA6 /* DetailUpdateCanteenViewController.swift */ = {isa = PBXFileReference; lastKnownFileType = sourcecode.swift; path = DetailUpdateCanteenViewController.swift; sourceTree = "<group>"; };
		A0997F8629C20EA400101AA6 /* DetailUpdateFreeFoodsViewController.swift */ = {isa = PBXFileReference; lastKnownFileType = sourcecode.swift; path = DetailUpdateFreeFoodsViewController.swift; sourceTree = "<group>"; };
		A0A08C0E29892F1C007FD406 /* StringExtension.swift */ = {isa = PBXFileReference; lastKnownFileType = sourcecode.swift; path = StringExtension.swift; sourceTree = "<group>"; };
		A0A08C10298930AF007FD406 /* Title.swift */ = {isa = PBXFileReference; lastKnownFileType = sourcecode.swift; path = Title.swift; sourceTree = "<group>"; };
		A0A08C13298930EC007FD406 /* Sections.swift */ = {isa = PBXFileReference; lastKnownFileType = sourcecode.swift; path = Sections.swift; sourceTree = "<group>"; };
		A0A08C15298931EC007FD406 /* CollectionViewTableViewCell.swift */ = {isa = PBXFileReference; lastKnownFileType = sourcecode.swift; path = CollectionViewTableViewCell.swift; sourceTree = "<group>"; };
		A0A08C1729893240007FD406 /* APICaller.swift */ = {isa = PBXFileReference; lastKnownFileType = sourcecode.swift; path = APICaller.swift; sourceTree = "<group>"; };
		A0A08C1929893285007FD406 /* TitleViewModel.swift */ = {isa = PBXFileReference; lastKnownFileType = sourcecode.swift; path = TitleViewModel.swift; sourceTree = "<group>"; };
		A0A08C1B29893322007FD406 /* TitlePreviewViewModel.swift */ = {isa = PBXFileReference; lastKnownFileType = sourcecode.swift; path = TitlePreviewViewModel.swift; sourceTree = "<group>"; };
		A0A08C1D29893378007FD406 /* TitlePreviewViewController.swift */ = {isa = PBXFileReference; lastKnownFileType = sourcecode.swift; path = TitlePreviewViewController.swift; sourceTree = "<group>"; };
		A0A08C1F298933C7007FD406 /* YoutubeSearchResponse.swift */ = {isa = PBXFileReference; lastKnownFileType = sourcecode.swift; path = YoutubeSearchResponse.swift; sourceTree = "<group>"; };
		A0A08C2129893432007FD406 /* TitleCollectionViewCell.swift */ = {isa = PBXFileReference; lastKnownFileType = sourcecode.swift; path = TitleCollectionViewCell.swift; sourceTree = "<group>"; };
		A0A08C2329893469007FD406 /* DataPersistenceManager.swift */ = {isa = PBXFileReference; lastKnownFileType = sourcecode.swift; path = DataPersistenceManager.swift; sourceTree = "<group>"; };
		A0B4C37F29BF382F00583E7A /* UpdateMenuViewController.swift */ = {isa = PBXFileReference; lastKnownFileType = sourcecode.swift; path = UpdateMenuViewController.swift; sourceTree = "<group>"; };
		A0B4C38129BF385300583E7A /* DeleteMenuViewController.swift */ = {isa = PBXFileReference; lastKnownFileType = sourcecode.swift; path = DeleteMenuViewController.swift; sourceTree = "<group>"; };
		A0B4C38329BF388000583E7A /* AddCanteenFoodsViewController.swift */ = {isa = PBXFileReference; lastKnownFileType = sourcecode.swift; path = AddCanteenFoodsViewController.swift; sourceTree = "<group>"; };
		A0B4C38529BF38B100583E7A /* UpdateCanteenFoodsViewController.swift */ = {isa = PBXFileReference; lastKnownFileType = sourcecode.swift; path = UpdateCanteenFoodsViewController.swift; sourceTree = "<group>"; };
		A0B4C38729BF38D200583E7A /* DeleteCanteenFoodsViewController.swift */ = {isa = PBXFileReference; lastKnownFileType = sourcecode.swift; path = DeleteCanteenFoodsViewController.swift; sourceTree = "<group>"; };
		A0B4C38929BF38F000583E7A /* AddFreeFoodsViewController.swift */ = {isa = PBXFileReference; lastKnownFileType = sourcecode.swift; path = AddFreeFoodsViewController.swift; sourceTree = "<group>"; };
		A0B4C38B29BF391400583E7A /* UpdateFreeFoodsViewController.swift */ = {isa = PBXFileReference; lastKnownFileType = sourcecode.swift; path = UpdateFreeFoodsViewController.swift; sourceTree = "<group>"; };
		A0B4C38D29BF393F00583E7A /* DeleteFreeFoodsViewController.swift */ = {isa = PBXFileReference; lastKnownFileType = sourcecode.swift; path = DeleteFreeFoodsViewController.swift; sourceTree = "<group>"; };
		A0C307E629BB754D001F3230 /* Menu.swift */ = {isa = PBXFileReference; lastKnownFileType = sourcecode.swift; path = Menu.swift; sourceTree = "<group>"; };
		A0E9428A29BB2D8500F24A27 /* ManageViewController.swift */ = {isa = PBXFileReference; lastKnownFileType = sourcecode.swift; path = ManageViewController.swift; sourceTree = "<group>"; };
		A0E9FD7929BE297D006F89DC /* AddMenuViewController.swift */ = {isa = PBXFileReference; lastKnownFileType = sourcecode.swift; path = AddMenuViewController.swift; sourceTree = "<group>"; };
		A0EBFA8B298FB79C002F7B16 /* RMCharacterListView.swift */ = {isa = PBXFileReference; lastKnownFileType = sourcecode.swift; path = RMCharacterListView.swift; sourceTree = "<group>"; };
		A0EBFA8D298FB87B002F7B16 /* RMLocation.swift */ = {isa = PBXFileReference; lastKnownFileType = sourcecode.swift; path = RMLocation.swift; sourceTree = "<group>"; };
		A0EBFA8F298FB8A1002F7B16 /* RMCharacter.swift */ = {isa = PBXFileReference; lastKnownFileType = sourcecode.swift; path = RMCharacter.swift; sourceTree = "<group>"; };
		A0EBFA91298FB8B6002F7B16 /* RMEpisode.swift */ = {isa = PBXFileReference; lastKnownFileType = sourcecode.swift; path = RMEpisode.swift; sourceTree = "<group>"; };
		A0EBFA93298FB8CE002F7B16 /* RMCharacterStatus.swift */ = {isa = PBXFileReference; lastKnownFileType = sourcecode.swift; path = RMCharacterStatus.swift; sourceTree = "<group>"; };
		A0EBFA95298FB8E7002F7B16 /* RMCharacterGender.swift */ = {isa = PBXFileReference; lastKnownFileType = sourcecode.swift; path = RMCharacterGender.swift; sourceTree = "<group>"; };
		A0EBFA97298FB95B002F7B16 /* RMSingleLocation.swift */ = {isa = PBXFileReference; lastKnownFileType = sourcecode.swift; path = RMSingleLocation.swift; sourceTree = "<group>"; };
		A0EBFA99298FB97C002F7B16 /* RMOrigin.swift */ = {isa = PBXFileReference; lastKnownFileType = sourcecode.swift; path = RMOrigin.swift; sourceTree = "<group>"; };
		A0EBFA9B298FB9AB002F7B16 /* RMGetAllCharactersResponse.swift */ = {isa = PBXFileReference; lastKnownFileType = sourcecode.swift; path = RMGetAllCharactersResponse.swift; sourceTree = "<group>"; };
		A0EBFA9D298FBA0E002F7B16 /* RMCharacterDetailViewViewModel.swift */ = {isa = PBXFileReference; lastKnownFileType = sourcecode.swift; path = RMCharacterDetailViewViewModel.swift; sourceTree = "<group>"; };
		A0EBFAA1298FBA90002F7B16 /* RMCharacterDetailViewController.swift */ = {isa = PBXFileReference; lastKnownFileType = sourcecode.swift; path = RMCharacterDetailViewController.swift; sourceTree = "<group>"; };
		A0EBFAA4298FBAFF002F7B16 /* RMCharacterListViewViewModel.swift */ = {isa = PBXFileReference; lastKnownFileType = sourcecode.swift; path = RMCharacterListViewViewModel.swift; sourceTree = "<group>"; };
		A0EBFAA6298FBB2E002F7B16 /* RMCharacterCollectionViewCellViewModel.swift */ = {isa = PBXFileReference; lastKnownFileType = sourcecode.swift; path = RMCharacterCollectionViewCellViewModel.swift; sourceTree = "<group>"; };
		A0EBFAA9298FBB94002F7B16 /* RMCharacterCollectionViewCell.swift */ = {isa = PBXFileReference; lastKnownFileType = sourcecode.swift; path = RMCharacterCollectionViewCell.swift; sourceTree = "<group>"; };
		A0EBFAAB298FBBCB002F7B16 /* RMService.swift */ = {isa = PBXFileReference; lastKnownFileType = sourcecode.swift; path = RMService.swift; sourceTree = "<group>"; };
		A0EBFAAD298FBBE0002F7B16 /* RMRequest.swift */ = {isa = PBXFileReference; lastKnownFileType = sourcecode.swift; path = RMRequest.swift; sourceTree = "<group>"; };
		A0EBFAAF298FBBF1002F7B16 /* RMEndpoint.swift */ = {isa = PBXFileReference; lastKnownFileType = sourcecode.swift; path = RMEndpoint.swift; sourceTree = "<group>"; };
		A0EBFAB1298FBC29002F7B16 /* RMFooterLoadingCollectionReusableView.swift */ = {isa = PBXFileReference; lastKnownFileType = sourcecode.swift; path = RMFooterLoadingCollectionReusableView.swift; sourceTree = "<group>"; };
		A0EBFAB3298FBCD6002F7B16 /* UIViewExtension.swift */ = {isa = PBXFileReference; lastKnownFileType = sourcecode.swift; path = UIViewExtension.swift; sourceTree = "<group>"; };
		A0EBFAB5298FDF1F002F7B16 /* SettingsViewController.swift */ = {isa = PBXFileReference; lastKnownFileType = sourcecode.swift; path = SettingsViewController.swift; sourceTree = "<group>"; };
/* End PBXFileReference section */

/* Begin PBXFrameworksBuildPhase section */
		A024035B2984ED8E00F5227C /* Frameworks */ = {
			isa = PBXFrameworksBuildPhase;
			buildActionMask = 2147483647;
			files = (
				A024038E298555CD00F5227C /* FirebaseDatabaseSwift in Frameworks */,
				A024038C298555CD00F5227C /* FirebaseDatabase in Frameworks */,
				A0240388298555CD00F5227C /* FirebaseAuth in Frameworks */,
				A0240394298555CD00F5227C /* FirebaseFirestoreSwift in Frameworks */,
				A0853A0B29865FEA001081B2 /* SDWebImage in Frameworks */,
				A0240392298555CD00F5227C /* FirebaseFirestoreCombine-Community in Frameworks */,
				A0240396298555CD00F5227C /* FirebaseStorage in Frameworks */,
				A0853A0D29865FEA001081B2 /* SDWebImageMapKit in Frameworks */,
				A0240390298555CD00F5227C /* FirebaseFirestore in Frameworks */,
				A0240398298555CD00F5227C /* FirebaseStorageCombine-Community in Frameworks */,
				A024038A298555CD00F5227C /* FirebaseAuthCombine-Community in Frameworks */,
				9C310CE79D484B7CCC4B3548 /* Pods_Manas_Menu.framework in Frameworks */,
			);
			runOnlyForDeploymentPostprocessing = 0;
		};
/* End PBXFrameworksBuildPhase section */

/* Begin PBXGroup section */
		81F41F93429D879BF4765742 /* Pods */ = {
			isa = PBXGroup;
			children = (
				892EF9386621FB46C6E5A38F /* Pods-Manas-Menu.debug.xcconfig */,
				61A5CE2DDE77C56460A38147 /* Pods-Manas-Menu.release.xcconfig */,
			);
			path = Pods;
			sourceTree = "<group>";
		};
		9F5D27D01C78CC893C4E9298 /* Frameworks */ = {
			isa = PBXGroup;
			children = (
				848614D67D1F7837D5911F4D /* Pods_Manas_Menu.framework */,
			);
			name = Frameworks;
			sourceTree = "<group>";
		};
		A02403552984ED8E00F5227C = {
			isa = PBXGroup;
			children = (
				A02403602984ED8E00F5227C /* Manas-Menu */,
				A024035F2984ED8E00F5227C /* Products */,
				81F41F93429D879BF4765742 /* Pods */,
				9F5D27D01C78CC893C4E9298 /* Frameworks */,
			);
			sourceTree = "<group>";
		};
		A024035F2984ED8E00F5227C /* Products */ = {
			isa = PBXGroup;
			children = (
				A024035E2984ED8E00F5227C /* Manas-Menu.app */,
			);
			name = Products;
			sourceTree = "<group>";
		};
		A02403602984ED8E00F5227C /* Manas-Menu */ = {
			isa = PBXGroup;
			children = (
				A024037A29850B7200F5227C /* APIManager */,
				A0A08C0D29892EF7007FD406 /* Extensions */,
				A024037929850A9A00F5227C /* Resources */,
				A024037829850A8800F5227C /* ViewModels */,
				A024037729850A8300F5227C /* Views */,
				A024037629850A7900F5227C /* Models */,
				A0240375298509D200F5227C /* Controllers */,
				A024036F2984ED9100F5227C /* Info.plist */,
				A02403842985532800F5227C /* GoogleService-Info.plist */,
			);
			path = "Manas-Menu";
			sourceTree = "<group>";
		};
		A0240375298509D200F5227C /* Controllers */ = {
			isa = PBXGroup;
			children = (
				A024037C29850BBE00F5227C /* Auth */,
				A024037B29850BB800F5227C /* Core */,
				A024037D29850C0C00F5227C /* Other */,
			);
			path = Controllers;
			sourceTree = "<group>";
		};
		A024037629850A7900F5227C /* Models */ = {
			isa = PBXGroup;
			children = (
				A0A08C12298930DA007FD406 /* Enums */,
				A0A08C10298930AF007FD406 /* Title.swift */,
				A0A08C1F298933C7007FD406 /* YoutubeSearchResponse.swift */,
				A0EBFA8D298FB87B002F7B16 /* RMLocation.swift */,
				A0EBFA8F298FB8A1002F7B16 /* RMCharacter.swift */,
				A0EBFA91298FB8B6002F7B16 /* RMEpisode.swift */,
				A0EBFA93298FB8CE002F7B16 /* RMCharacterStatus.swift */,
				A0EBFA95298FB8E7002F7B16 /* RMCharacterGender.swift */,
				A0EBFA97298FB95B002F7B16 /* RMSingleLocation.swift */,
				A0EBFA99298FB97C002F7B16 /* RMOrigin.swift */,
				A0EBFA9B298FB9AB002F7B16 /* RMGetAllCharactersResponse.swift */,
				A0C307E629BB754D001F3230 /* Menu.swift */,
				A08188BA29BC4F6C00499A71 /* Menus.swift */,
				A081253029C3662100A05D4D /* UserRole.swift */,
				A084539D29CC5F3000BBA66A /* Canteen.swift */,
			);
			path = Models;
			sourceTree = "<group>";
		};
		A024037729850A8300F5227C /* Views */ = {
			isa = PBXGroup;
			children = (
				A0A08C15298931EC007FD406 /* CollectionViewTableViewCell.swift */,
				A0A08C1B29893322007FD406 /* TitlePreviewViewModel.swift */,
				A0A08C2129893432007FD406 /* TitleCollectionViewCell.swift */,
				A0EBFA8B298FB79C002F7B16 /* RMCharacterListView.swift */,
				A0EBFAA9298FBB94002F7B16 /* RMCharacterCollectionViewCell.swift */,
				A0EBFAB1298FBC29002F7B16 /* RMFooterLoadingCollectionReusableView.swift */,
				A073542A299662B200FD74C9 /* MenuTableViewCell.swift */,
				A0938E5E29A86672007B1727 /* TitleTableViewCell.swift */,
				A0728B7D29BF073200B3C00B /* ManageListTableViewCell.swift */,
				A077D4D329C0E5E400C5751F /* MyDeleteTableViewCell.swift */,
			);
			path = Views;
			sourceTree = "<group>";
		};
		A024037829850A8800F5227C /* ViewModels */ = {
			isa = PBXGroup;
			children = (
				A024039F29855EE300F5227C /* AuthenticationViewViewModel.swift */,
				A0A08C1929893285007FD406 /* TitleViewModel.swift */,
				A0EBFA9D298FBA0E002F7B16 /* RMCharacterDetailViewViewModel.swift */,
				A0EBFAA4298FBAFF002F7B16 /* RMCharacterListViewViewModel.swift */,
				A0EBFAA6298FBB2E002F7B16 /* RMCharacterCollectionViewCellViewModel.swift */,
			);
			path = ViewModels;
			sourceTree = "<group>";
		};
		A024037929850A9A00F5227C /* Resources */ = {
			isa = PBXGroup;
			children = (
				A02403612984ED8E00F5227C /* AppDelegate.swift */,
				A02403632984ED8E00F5227C /* SceneDelegate.swift */,
				A024036C2984ED9100F5227C /* LaunchScreen.storyboard */,
				A024036A2984ED9100F5227C /* Assets.xcassets */,
			);
			path = Resources;
			sourceTree = "<group>";
		};
		A024037A29850B7200F5227C /* APIManager */ = {
			isa = PBXGroup;
			children = (
				A024039D29855E2900F5227C /* AuthManager.swift */,
				A0853A13298673F2001081B2 /* UniversityImages.swift */,
				A0A08C1729893240007FD406 /* APICaller.swift */,
				A0A08C2329893469007FD406 /* DataPersistenceManager.swift */,
				A0EBFAAB298FBBCB002F7B16 /* RMService.swift */,
				A0EBFAAD298FBBE0002F7B16 /* RMRequest.swift */,
				A0EBFAAF298FBBF1002F7B16 /* RMEndpoint.swift */,
				A08188BC29BC759E00499A71 /* APIFirebase.swift */,
			);
			path = APIManager;
			sourceTree = "<group>";
		};
		A024037B29850BB800F5227C /* Core */ = {
			isa = PBXGroup;
			children = (
				A02403652984ED8E00F5227C /* MainTabBarViewController.swift */,
				A024037E2985180B00F5227C /* HomeViewController.swift */,
				A02403802985183000F5227C /* CafeViewController.swift */,
				A02403822985185A00F5227C /* CanteenViewController.swift */,
				A0E9428A29BB2D8500F24A27 /* ManageViewController.swift */,
			);
			path = Core;
			sourceTree = "<group>";
		};
		A024037C29850BBE00F5227C /* Auth */ = {
			isa = PBXGroup;
			children = (
				A024039929855D2900F5227C /* LoginViewController.swift */,
				A024039B29855D3500F5227C /* RegisterViewController.swift */,
				A031581129B9FA80006090CD /* ResetPasswordViewController.swift */,
				A0EBFAB5298FDF1F002F7B16 /* SettingsViewController.swift */,
			);
			path = Auth;
			sourceTree = "<group>";
		};
		A024037D29850C0C00F5227C /* Other */ = {
			isa = PBXGroup;
			children = (
				A083B60F29C4C90C00B0E405 /* Others */,
				A083B60E29C4C89300B0E405 /* ManageFreeFoods */,
				A083B60D29C4C88900B0E405 /* ManageCanteen */,
				A083B60C29C4C85900B0E405 /* ManageMenu */,
				A083B60B29C4C7CD00B0E405 /* ManageMenuFood */,
				A083B60A29C4C75E00B0E405 /* FreeFoods */,
				A0853A12298669A6001081B2 /* ImageCarousel */,
			);
			path = Other;
			sourceTree = "<group>";
		};
		A083B60A29C4C75E00B0E405 /* FreeFoods */ = {
			isa = PBXGroup;
			children = (
				A02403A129857C0600F5227C /* FreeFoodsViewController.swift */,
			);
			path = FreeFoods;
			sourceTree = "<group>";
		};
		A083B60B29C4C7CD00B0E405 /* ManageMenuFood */ = {
			isa = PBXGroup;
			children = (
				A083B60229C4B96C00B0E405 /* AddFoodViewController.swift */,
				A083B60429C4B98800B0E405 /* UpdateFoodViewController.swift */,
				A083B60629C4B9AA00B0E405 /* DeleteFoodViewController.swift */,
				A083B60829C4BC0F00B0E405 /* DetailUpdateFoodViewController.swift */,
			);
			path = ManageMenuFood;
			sourceTree = "<group>";
		};
		A083B60C29C4C85900B0E405 /* ManageMenu */ = {
			isa = PBXGroup;
			children = (
				A0E9FD7929BE297D006F89DC /* AddMenuViewController.swift */,
				A0B4C37F29BF382F00583E7A /* UpdateMenuViewController.swift */,
				A0B4C38129BF385300583E7A /* DeleteMenuViewController.swift */,
				A084307829C1FB8B004BA81C /* DetailUpdateMenuViewController.swift */,
			);
			path = ManageMenu;
			sourceTree = "<group>";
		};
		A083B60D29C4C88900B0E405 /* ManageCanteen */ = {
			isa = PBXGroup;
			children = (
				A0B4C38329BF388000583E7A /* AddCanteenFoodsViewController.swift */,
				A0B4C38529BF38B100583E7A /* UpdateCanteenFoodsViewController.swift */,
				A0B4C38729BF38D200583E7A /* DeleteCanteenFoodsViewController.swift */,
				A0997F8429C20AAD00101AA6 /* DetailUpdateCanteenViewController.swift */,
			);
			path = ManageCanteen;
			sourceTree = "<group>";
		};
		A083B60E29C4C89300B0E405 /* ManageFreeFoods */ = {
			isa = PBXGroup;
			children = (
				A0B4C38929BF38F000583E7A /* AddFreeFoodsViewController.swift */,
				A0B4C38B29BF391400583E7A /* UpdateFreeFoodsViewController.swift */,
				A0B4C38D29BF393F00583E7A /* DeleteFreeFoodsViewController.swift */,
				A0997F8629C20EA400101AA6 /* DetailUpdateFreeFoodsViewController.swift */,
			);
			path = ManageFreeFoods;
			sourceTree = "<group>";
		};
		A083B60F29C4C90C00B0E405 /* Others */ = {
			isa = PBXGroup;
			children = (
				A0EBFAA1298FBA90002F7B16 /* RMCharacterDetailViewController.swift */,
				A0A08C1D29893378007FD406 /* TitlePreviewViewController.swift */,
				A02403A52985943000F5227C /* SearchResultsViewController.swift */,
				A02403A32985932C00F5227C /* SearchViewController.swift */,
			);
			path = Others;
			sourceTree = "<group>";
		};
		A0853A12298669A6001081B2 /* ImageCarousel */ = {
			isa = PBXGroup;
			children = (
				A0853A0E2986600C001081B2 /* Carousel.swift */,
				A0853A1029866050001081B2 /* CarouselLayout.swift */,
			);
			path = ImageCarousel;
			sourceTree = "<group>";
		};
		A0A08C0D29892EF7007FD406 /* Extensions */ = {
			isa = PBXGroup;
			children = (
				A0A08C0E29892F1C007FD406 /* StringExtension.swift */,
				A06EA1DD298E9B1F00223CD8 /* NotificationNameExtension.swift */,
				A0EBFAB3298FBCD6002F7B16 /* UIViewExtension.swift */,
				A06EA23229C4D533009FCB08 /* UIColorExtension.swift */,
			);
			path = Extensions;
			sourceTree = "<group>";
		};
		A0A08C12298930DA007FD406 /* Enums */ = {
			isa = PBXGroup;
			children = (
				A0A08C13298930EC007FD406 /* Sections.swift */,
			);
			path = Enums;
			sourceTree = "<group>";
		};
/* End PBXGroup section */

/* Begin PBXNativeTarget section */
		A024035D2984ED8E00F5227C /* Manas-Menu */ = {
			isa = PBXNativeTarget;
			buildConfigurationList = A02403722984ED9100F5227C /* Build configuration list for PBXNativeTarget "Manas-Menu" */;
			buildPhases = (
				B25CA83614E4CB9327AD3DAD /* [CP] Check Pods Manifest.lock */,
				A024035A2984ED8E00F5227C /* Sources */,
				A024035B2984ED8E00F5227C /* Frameworks */,
				A024035C2984ED8E00F5227C /* Resources */,
				FC09AC2F1EB15EA1E8568005 /* [CP] Embed Pods Frameworks */,
				AFBD926AB04DE8BD5E76C884 /* [CP] Copy Pods Resources */,
			);
			buildRules = (
			);
			dependencies = (
			);
			name = "Manas-Menu";
			packageProductDependencies = (
				A0240387298555CD00F5227C /* FirebaseAuth */,
				A0240389298555CD00F5227C /* FirebaseAuthCombine-Community */,
				A024038B298555CD00F5227C /* FirebaseDatabase */,
				A024038D298555CD00F5227C /* FirebaseDatabaseSwift */,
				A024038F298555CD00F5227C /* FirebaseFirestore */,
				A0240391298555CD00F5227C /* FirebaseFirestoreCombine-Community */,
				A0240393298555CD00F5227C /* FirebaseFirestoreSwift */,
				A0240395298555CD00F5227C /* FirebaseStorage */,
				A0240397298555CD00F5227C /* FirebaseStorageCombine-Community */,
				A0853A0A29865FEA001081B2 /* SDWebImage */,
				A0853A0C29865FEA001081B2 /* SDWebImageMapKit */,
			);
			productName = "Manas-Menu";
			productReference = A024035E2984ED8E00F5227C /* Manas-Menu.app */;
			productType = "com.apple.product-type.application";
		};
/* End PBXNativeTarget section */

/* Begin PBXProject section */
		A02403562984ED8E00F5227C /* Project object */ = {
			isa = PBXProject;
			attributes = {
				BuildIndependentTargetsInParallel = 1;
				LastSwiftUpdateCheck = 1400;
				LastUpgradeCheck = 1400;
				TargetAttributes = {
					A024035D2984ED8E00F5227C = {
						CreatedOnToolsVersion = 14.0.1;
					};
				};
			};
			buildConfigurationList = A02403592984ED8E00F5227C /* Build configuration list for PBXProject "Manas-Menu" */;
			compatibilityVersion = "Xcode 14.0";
			developmentRegion = en;
			hasScannedForEncodings = 0;
			knownRegions = (
				en,
				Base,
			);
			mainGroup = A02403552984ED8E00F5227C;
			packageReferences = (
				A0240386298555CD00F5227C /* XCRemoteSwiftPackageReference "firebase-ios-sdk" */,
				A0853A0929865FE9001081B2 /* XCRemoteSwiftPackageReference "SDWebImage" */,
			);
			productRefGroup = A024035F2984ED8E00F5227C /* Products */;
			projectDirPath = "";
			projectRoot = "";
			targets = (
				A024035D2984ED8E00F5227C /* Manas-Menu */,
			);
		};
/* End PBXProject section */

/* Begin PBXResourcesBuildPhase section */
		A024035C2984ED8E00F5227C /* Resources */ = {
			isa = PBXResourcesBuildPhase;
			buildActionMask = 2147483647;
			files = (
				A024036E2984ED9100F5227C /* LaunchScreen.storyboard in Resources */,
				A02403852985532800F5227C /* GoogleService-Info.plist in Resources */,
				A024036B2984ED9100F5227C /* Assets.xcassets in Resources */,
			);
			runOnlyForDeploymentPostprocessing = 0;
		};
/* End PBXResourcesBuildPhase section */

/* Begin PBXShellScriptBuildPhase section */
		AFBD926AB04DE8BD5E76C884 /* [CP] Copy Pods Resources */ = {
			isa = PBXShellScriptBuildPhase;
			buildActionMask = 2147483647;
			files = (
			);
			inputFileListPaths = (
				"${PODS_ROOT}/Target Support Files/Pods-Manas-Menu/Pods-Manas-Menu-resources-${CONFIGURATION}-input-files.xcfilelist",
			);
			name = "[CP] Copy Pods Resources";
			outputFileListPaths = (
				"${PODS_ROOT}/Target Support Files/Pods-Manas-Menu/Pods-Manas-Menu-resources-${CONFIGURATION}-output-files.xcfilelist",
			);
			runOnlyForDeploymentPostprocessing = 0;
			shellPath = /bin/sh;
			shellScript = "\"${PODS_ROOT}/Target Support Files/Pods-Manas-Menu/Pods-Manas-Menu-resources.sh\"\n";
			showEnvVarsInLog = 0;
		};
		B25CA83614E4CB9327AD3DAD /* [CP] Check Pods Manifest.lock */ = {
			isa = PBXShellScriptBuildPhase;
			buildActionMask = 2147483647;
			files = (
			);
			inputFileListPaths = (
			);
			inputPaths = (
				"${PODS_PODFILE_DIR_PATH}/Podfile.lock",
				"${PODS_ROOT}/Manifest.lock",
			);
			name = "[CP] Check Pods Manifest.lock";
			outputFileListPaths = (
			);
			outputPaths = (
				"$(DERIVED_FILE_DIR)/Pods-Manas-Menu-checkManifestLockResult.txt",
			);
			runOnlyForDeploymentPostprocessing = 0;
			shellPath = /bin/sh;
			shellScript = "diff \"${PODS_PODFILE_DIR_PATH}/Podfile.lock\" \"${PODS_ROOT}/Manifest.lock\" > /dev/null\nif [ $? != 0 ] ; then\n    # print error to STDERR\n    echo \"error: The sandbox is not in sync with the Podfile.lock. Run 'pod install' or update your CocoaPods installation.\" >&2\n    exit 1\nfi\n# This output is used by Xcode 'outputs' to avoid re-running this script phase.\necho \"SUCCESS\" > \"${SCRIPT_OUTPUT_FILE_0}\"\n";
			showEnvVarsInLog = 0;
		};
		FC09AC2F1EB15EA1E8568005 /* [CP] Embed Pods Frameworks */ = {
			isa = PBXShellScriptBuildPhase;
			buildActionMask = 2147483647;
			files = (
			);
			inputFileListPaths = (
				"${PODS_ROOT}/Target Support Files/Pods-Manas-Menu/Pods-Manas-Menu-frameworks-${CONFIGURATION}-input-files.xcfilelist",
			);
			name = "[CP] Embed Pods Frameworks";
			outputFileListPaths = (
				"${PODS_ROOT}/Target Support Files/Pods-Manas-Menu/Pods-Manas-Menu-frameworks-${CONFIGURATION}-output-files.xcfilelist",
			);
			runOnlyForDeploymentPostprocessing = 0;
			shellPath = /bin/sh;
			shellScript = "\"${PODS_ROOT}/Target Support Files/Pods-Manas-Menu/Pods-Manas-Menu-frameworks.sh\"\n";
			showEnvVarsInLog = 0;
		};
/* End PBXShellScriptBuildPhase section */

/* Begin PBXSourcesBuildPhase section */
		A024035A2984ED8E00F5227C /* Sources */ = {
			isa = PBXSourcesBuildPhase;
			buildActionMask = 2147483647;
			files = (
				A0938E5F29A86672007B1727 /* TitleTableViewCell.swift in Sources */,
				A024039A29855D2900F5227C /* LoginViewController.swift in Sources */,
				A0A08C2229893432007FD406 /* TitleCollectionViewCell.swift in Sources */,
				A02403A62985943000F5227C /* SearchResultsViewController.swift in Sources */,
				A0B4C38029BF382F00583E7A /* UpdateMenuViewController.swift in Sources */,
				A0B4C38C29BF391500583E7A /* UpdateFreeFoodsViewController.swift in Sources */,
				A0EBFA96298FB8E7002F7B16 /* RMCharacterGender.swift in Sources */,
				A02403A229857C0600F5227C /* FreeFoodsViewController.swift in Sources */,
				A024039E29855E2900F5227C /* AuthManager.swift in Sources */,
				A0EBFAB4298FBCD6002F7B16 /* UIViewExtension.swift in Sources */,
				A02403662984ED8E00F5227C /* MainTabBarViewController.swift in Sources */,
				A0EBFA90298FB8A1002F7B16 /* RMCharacter.swift in Sources */,
				A073542B299662B200FD74C9 /* MenuTableViewCell.swift in Sources */,
				A0B4C38829BF38D200583E7A /* DeleteCanteenFoodsViewController.swift in Sources */,
				A0B4C38E29BF393F00583E7A /* DeleteFreeFoodsViewController.swift in Sources */,
				A02403622984ED8E00F5227C /* AppDelegate.swift in Sources */,
				A0C307E729BB754D001F3230 /* Menu.swift in Sources */,
				A06EA23329C4D533009FCB08 /* UIColorExtension.swift in Sources */,
				A0997F8729C20EA400101AA6 /* DetailUpdateFreeFoodsViewController.swift in Sources */,
				A0997F8529C20AAD00101AA6 /* DetailUpdateCanteenViewController.swift in Sources */,
				A0EBFA8E298FB87B002F7B16 /* RMLocation.swift in Sources */,
				A06EA1DE298E9B1F00223CD8 /* NotificationNameExtension.swift in Sources */,
				A024039C29855D3500F5227C /* RegisterViewController.swift in Sources */,
				A08188BD29BC759E00499A71 /* APIFirebase.swift in Sources */,
				A02403A42985932D00F5227C /* SearchViewController.swift in Sources */,
				A0A08C0F29892F1C007FD406 /* StringExtension.swift in Sources */,
				A02403832985185A00F5227C /* CanteenViewController.swift in Sources */,
				A0B4C38A29BF38F000583E7A /* AddFreeFoodsViewController.swift in Sources */,
				A0EBFA94298FB8CE002F7B16 /* RMCharacterStatus.swift in Sources */,
				A0EBFA9A298FB97C002F7B16 /* RMOrigin.swift in Sources */,
				A0EBFAAA298FBB94002F7B16 /* RMCharacterCollectionViewCell.swift in Sources */,
				A0B4C38629BF38B100583E7A /* UpdateCanteenFoodsViewController.swift in Sources */,
				A0A08C1829893240007FD406 /* APICaller.swift in Sources */,
				A0A08C16298931EC007FD406 /* CollectionViewTableViewCell.swift in Sources */,
				A0A08C11298930AF007FD406 /* Title.swift in Sources */,
				A0B4C38229BF385300583E7A /* DeleteMenuViewController.swift in Sources */,
				A0EBFAA5298FBAFF002F7B16 /* RMCharacterListViewViewModel.swift in Sources */,
				A081253129C3662100A05D4D /* UserRole.swift in Sources */,
				A0EBFAB6298FDF1F002F7B16 /* SettingsViewController.swift in Sources */,
				A0A08C20298933C7007FD406 /* YoutubeSearchResponse.swift in Sources */,
				A0EBFA92298FB8B6002F7B16 /* RMEpisode.swift in Sources */,
				A0A08C14298930EC007FD406 /* Sections.swift in Sources */,
				A0EBFAAC298FBBCB002F7B16 /* RMService.swift in Sources */,
				A02403642984ED8E00F5227C /* SceneDelegate.swift in Sources */,
				A0EBFAA7298FBB2E002F7B16 /* RMCharacterCollectionViewCellViewModel.swift in Sources */,
				A0EBFAB2298FBC29002F7B16 /* RMFooterLoadingCollectionReusableView.swift in Sources */,
				A0853A1129866050001081B2 /* CarouselLayout.swift in Sources */,
				A0EBFA9C298FB9AB002F7B16 /* RMGetAllCharactersResponse.swift in Sources */,
				A0A08C2429893469007FD406 /* DataPersistenceManager.swift in Sources */,
				A031581229B9FA80006090CD /* ResetPasswordViewController.swift in Sources */,
				A024037F2985180B00F5227C /* HomeViewController.swift in Sources */,
				A077D4D429C0E5E400C5751F /* MyDeleteTableViewCell.swift in Sources */,
				A0853A0F2986600C001081B2 /* Carousel.swift in Sources */,
				A0EBFA9E298FBA0E002F7B16 /* RMCharacterDetailViewViewModel.swift in Sources */,
				A0853A14298673F2001081B2 /* UniversityImages.swift in Sources */,
				A02403812985183000F5227C /* CafeViewController.swift in Sources */,
				A0A08C1E29893378007FD406 /* TitlePreviewViewController.swift in Sources */,
				A08188BB29BC4F6C00499A71 /* Menus.swift in Sources */,
				A0EBFAA2298FBA90002F7B16 /* RMCharacterDetailViewController.swift in Sources */,
				A0EBFA8C298FB79C002F7B16 /* RMCharacterListView.swift in Sources */,
				A0EBFA98298FB95B002F7B16 /* RMSingleLocation.swift in Sources */,
				A083B60729C4B9AA00B0E405 /* DeleteFoodViewController.swift in Sources */,
				A084539E29CC5F3000BBA66A /* Canteen.swift in Sources */,
				A0B4C38429BF388000583E7A /* AddCanteenFoodsViewController.swift in Sources */,
				A0A08C1C29893322007FD406 /* TitlePreviewViewModel.swift in Sources */,
				A02403A029855EE300F5227C /* AuthenticationViewViewModel.swift in Sources */,
				A0E9FD7A29BE297D006F89DC /* AddMenuViewController.swift in Sources */,
				A0EBFAB0298FBBF1002F7B16 /* RMEndpoint.swift in Sources */,
				A0E9428B29BB2D8500F24A27 /* ManageViewController.swift in Sources */,
				A0728B7E29BF073200B3C00B /* ManageListTableViewCell.swift in Sources */,
				A083B60529C4B98800B0E405 /* UpdateFoodViewController.swift in Sources */,
				A0EBFAAE298FBBE0002F7B16 /* RMRequest.swift in Sources */,
				A0A08C1A29893285007FD406 /* TitleViewModel.swift in Sources */,
				A084307929C1FB8B004BA81C /* DetailUpdateMenuViewController.swift in Sources */,
				A083B60929C4BC0F00B0E405 /* DetailUpdateFoodViewController.swift in Sources */,
				A083B60329C4B96C00B0E405 /* AddFoodViewController.swift in Sources */,
			);
			runOnlyForDeploymentPostprocessing = 0;
		};
/* End PBXSourcesBuildPhase section */

/* Begin PBXVariantGroup section */
		A024036C2984ED9100F5227C /* LaunchScreen.storyboard */ = {
			isa = PBXVariantGroup;
			children = (
				A024036D2984ED9100F5227C /* Base */,
			);
			name = LaunchScreen.storyboard;
			sourceTree = "<group>";
		};
/* End PBXVariantGroup section */

/* Begin XCBuildConfiguration section */
		A02403702984ED9100F5227C /* Debug */ = {
			isa = XCBuildConfiguration;
			buildSettings = {
				ALWAYS_SEARCH_USER_PATHS = NO;
				CLANG_ANALYZER_NONNULL = YES;
				CLANG_ANALYZER_NUMBER_OBJECT_CONVERSION = YES_AGGRESSIVE;
				CLANG_CXX_LANGUAGE_STANDARD = "gnu++20";
				CLANG_ENABLE_MODULES = YES;
				CLANG_ENABLE_OBJC_ARC = YES;
				CLANG_ENABLE_OBJC_WEAK = YES;
				CLANG_WARN_BLOCK_CAPTURE_AUTORELEASING = YES;
				CLANG_WARN_BOOL_CONVERSION = YES;
				CLANG_WARN_COMMA = YES;
				CLANG_WARN_CONSTANT_CONVERSION = YES;
				CLANG_WARN_DEPRECATED_OBJC_IMPLEMENTATIONS = YES;
				CLANG_WARN_DIRECT_OBJC_ISA_USAGE = YES_ERROR;
				CLANG_WARN_DOCUMENTATION_COMMENTS = YES;
				CLANG_WARN_EMPTY_BODY = YES;
				CLANG_WARN_ENUM_CONVERSION = YES;
				CLANG_WARN_INFINITE_RECURSION = YES;
				CLANG_WARN_INT_CONVERSION = YES;
				CLANG_WARN_NON_LITERAL_NULL_CONVERSION = YES;
				CLANG_WARN_OBJC_IMPLICIT_RETAIN_SELF = YES;
				CLANG_WARN_OBJC_LITERAL_CONVERSION = YES;
				CLANG_WARN_OBJC_ROOT_CLASS = YES_ERROR;
				CLANG_WARN_QUOTED_INCLUDE_IN_FRAMEWORK_HEADER = YES;
				CLANG_WARN_RANGE_LOOP_ANALYSIS = YES;
				CLANG_WARN_STRICT_PROTOTYPES = YES;
				CLANG_WARN_SUSPICIOUS_MOVE = YES;
				CLANG_WARN_UNGUARDED_AVAILABILITY = YES_AGGRESSIVE;
				CLANG_WARN_UNREACHABLE_CODE = YES;
				CLANG_WARN__DUPLICATE_METHOD_MATCH = YES;
				COPY_PHASE_STRIP = NO;
				DEBUG_INFORMATION_FORMAT = dwarf;
				ENABLE_STRICT_OBJC_MSGSEND = YES;
				ENABLE_TESTABILITY = YES;
				GCC_C_LANGUAGE_STANDARD = gnu11;
				GCC_DYNAMIC_NO_PIC = NO;
				GCC_NO_COMMON_BLOCKS = YES;
				GCC_OPTIMIZATION_LEVEL = 0;
				GCC_PREPROCESSOR_DEFINITIONS = (
					"DEBUG=1",
					"$(inherited)",
				);
				GCC_WARN_64_TO_32_BIT_CONVERSION = YES;
				GCC_WARN_ABOUT_RETURN_TYPE = YES_ERROR;
				GCC_WARN_UNDECLARED_SELECTOR = YES;
				GCC_WARN_UNINITIALIZED_AUTOS = YES_AGGRESSIVE;
				GCC_WARN_UNUSED_FUNCTION = YES;
				GCC_WARN_UNUSED_VARIABLE = YES;
				IPHONEOS_DEPLOYMENT_TARGET = 16.0;
				MTL_ENABLE_DEBUG_INFO = INCLUDE_SOURCE;
				MTL_FAST_MATH = YES;
				ONLY_ACTIVE_ARCH = YES;
				SDKROOT = iphoneos;
				SWIFT_ACTIVE_COMPILATION_CONDITIONS = DEBUG;
				SWIFT_OPTIMIZATION_LEVEL = "-Onone";
			};
			name = Debug;
		};
		A02403712984ED9100F5227C /* Release */ = {
			isa = XCBuildConfiguration;
			buildSettings = {
				ALWAYS_SEARCH_USER_PATHS = NO;
				CLANG_ANALYZER_NONNULL = YES;
				CLANG_ANALYZER_NUMBER_OBJECT_CONVERSION = YES_AGGRESSIVE;
				CLANG_CXX_LANGUAGE_STANDARD = "gnu++20";
				CLANG_ENABLE_MODULES = YES;
				CLANG_ENABLE_OBJC_ARC = YES;
				CLANG_ENABLE_OBJC_WEAK = YES;
				CLANG_WARN_BLOCK_CAPTURE_AUTORELEASING = YES;
				CLANG_WARN_BOOL_CONVERSION = YES;
				CLANG_WARN_COMMA = YES;
				CLANG_WARN_CONSTANT_CONVERSION = YES;
				CLANG_WARN_DEPRECATED_OBJC_IMPLEMENTATIONS = YES;
				CLANG_WARN_DIRECT_OBJC_ISA_USAGE = YES_ERROR;
				CLANG_WARN_DOCUMENTATION_COMMENTS = YES;
				CLANG_WARN_EMPTY_BODY = YES;
				CLANG_WARN_ENUM_CONVERSION = YES;
				CLANG_WARN_INFINITE_RECURSION = YES;
				CLANG_WARN_INT_CONVERSION = YES;
				CLANG_WARN_NON_LITERAL_NULL_CONVERSION = YES;
				CLANG_WARN_OBJC_IMPLICIT_RETAIN_SELF = YES;
				CLANG_WARN_OBJC_LITERAL_CONVERSION = YES;
				CLANG_WARN_OBJC_ROOT_CLASS = YES_ERROR;
				CLANG_WARN_QUOTED_INCLUDE_IN_FRAMEWORK_HEADER = YES;
				CLANG_WARN_RANGE_LOOP_ANALYSIS = YES;
				CLANG_WARN_STRICT_PROTOTYPES = YES;
				CLANG_WARN_SUSPICIOUS_MOVE = YES;
				CLANG_WARN_UNGUARDED_AVAILABILITY = YES_AGGRESSIVE;
				CLANG_WARN_UNREACHABLE_CODE = YES;
				CLANG_WARN__DUPLICATE_METHOD_MATCH = YES;
				COPY_PHASE_STRIP = NO;
				DEBUG_INFORMATION_FORMAT = "dwarf-with-dsym";
				ENABLE_NS_ASSERTIONS = NO;
				ENABLE_STRICT_OBJC_MSGSEND = YES;
				GCC_C_LANGUAGE_STANDARD = gnu11;
				GCC_NO_COMMON_BLOCKS = YES;
				GCC_WARN_64_TO_32_BIT_CONVERSION = YES;
				GCC_WARN_ABOUT_RETURN_TYPE = YES_ERROR;
				GCC_WARN_UNDECLARED_SELECTOR = YES;
				GCC_WARN_UNINITIALIZED_AUTOS = YES_AGGRESSIVE;
				GCC_WARN_UNUSED_FUNCTION = YES;
				GCC_WARN_UNUSED_VARIABLE = YES;
				IPHONEOS_DEPLOYMENT_TARGET = 16.0;
				MTL_ENABLE_DEBUG_INFO = NO;
				MTL_FAST_MATH = YES;
				SDKROOT = iphoneos;
				SWIFT_COMPILATION_MODE = wholemodule;
				SWIFT_OPTIMIZATION_LEVEL = "-O";
				VALIDATE_PRODUCT = YES;
			};
			name = Release;
		};
		A02403732984ED9100F5227C /* Debug */ = {
			isa = XCBuildConfiguration;
			baseConfigurationReference = 892EF9386621FB46C6E5A38F /* Pods-Manas-Menu.debug.xcconfig */;
			buildSettings = {
				ASSETCATALOG_COMPILER_APPICON_NAME = AppIcon;
				ASSETCATALOG_COMPILER_GLOBAL_ACCENT_COLOR_NAME = AccentColor;
				CODE_SIGN_STYLE = Automatic;
				CURRENT_PROJECT_VERSION = 1;
				DEVELOPMENT_TEAM = 7JGN3FTU3X;
				GENERATE_INFOPLIST_FILE = YES;
				INFOPLIST_FILE = "Manas-Menu/Info.plist";
				INFOPLIST_KEY_UIApplicationSupportsIndirectInputEvents = YES;
				INFOPLIST_KEY_UILaunchStoryboardName = LaunchScreen;
				INFOPLIST_KEY_UISupportedInterfaceOrientations_iPad = "UIInterfaceOrientationPortrait UIInterfaceOrientationPortraitUpsideDown UIInterfaceOrientationLandscapeLeft UIInterfaceOrientationLandscapeRight";
				INFOPLIST_KEY_UISupportedInterfaceOrientations_iPhone = "UIInterfaceOrientationPortrait UIInterfaceOrientationLandscapeLeft UIInterfaceOrientationLandscapeRight";
				IPHONEOS_DEPLOYMENT_TARGET = 16.0;
				LD_RUNPATH_SEARCH_PATHS = (
					"$(inherited)",
					"@executable_path/Frameworks",
				);
				MARKETING_VERSION = 1.0;
				PRODUCT_BUNDLE_IDENTIFIER = "com.abkubatt.Manas-Menu";
				PRODUCT_NAME = "$(TARGET_NAME)";
				SWIFT_EMIT_LOC_STRINGS = YES;
				SWIFT_VERSION = 5.0;
				TARGETED_DEVICE_FAMILY = "1,2";
			};
			name = Debug;
		};
		A02403742984ED9100F5227C /* Release */ = {
			isa = XCBuildConfiguration;
			baseConfigurationReference = 61A5CE2DDE77C56460A38147 /* Pods-Manas-Menu.release.xcconfig */;
			buildSettings = {
				ASSETCATALOG_COMPILER_APPICON_NAME = AppIcon;
				ASSETCATALOG_COMPILER_GLOBAL_ACCENT_COLOR_NAME = AccentColor;
				CODE_SIGN_STYLE = Automatic;
				CURRENT_PROJECT_VERSION = 1;
				DEVELOPMENT_TEAM = 7JGN3FTU3X;
				GENERATE_INFOPLIST_FILE = YES;
				INFOPLIST_FILE = "Manas-Menu/Info.plist";
				INFOPLIST_KEY_UIApplicationSupportsIndirectInputEvents = YES;
				INFOPLIST_KEY_UILaunchStoryboardName = LaunchScreen;
				INFOPLIST_KEY_UISupportedInterfaceOrientations_iPad = "UIInterfaceOrientationPortrait UIInterfaceOrientationPortraitUpsideDown UIInterfaceOrientationLandscapeLeft UIInterfaceOrientationLandscapeRight";
				INFOPLIST_KEY_UISupportedInterfaceOrientations_iPhone = "UIInterfaceOrientationPortrait UIInterfaceOrientationLandscapeLeft UIInterfaceOrientationLandscapeRight";
				IPHONEOS_DEPLOYMENT_TARGET = 16.0;
				LD_RUNPATH_SEARCH_PATHS = (
					"$(inherited)",
					"@executable_path/Frameworks",
				);
				MARKETING_VERSION = 1.0;
				PRODUCT_BUNDLE_IDENTIFIER = "com.abkubatt.Manas-Menu";
				PRODUCT_NAME = "$(TARGET_NAME)";
				SWIFT_EMIT_LOC_STRINGS = YES;
				SWIFT_VERSION = 5.0;
				TARGETED_DEVICE_FAMILY = "1,2";
			};
			name = Release;
		};
/* End XCBuildConfiguration section */

/* Begin XCConfigurationList section */
		A02403592984ED8E00F5227C /* Build configuration list for PBXProject "Manas-Menu" */ = {
			isa = XCConfigurationList;
			buildConfigurations = (
				A02403702984ED9100F5227C /* Debug */,
				A02403712984ED9100F5227C /* Release */,
			);
			defaultConfigurationIsVisible = 0;
			defaultConfigurationName = Release;
		};
		A02403722984ED9100F5227C /* Build configuration list for PBXNativeTarget "Manas-Menu" */ = {
			isa = XCConfigurationList;
			buildConfigurations = (
				A02403732984ED9100F5227C /* Debug */,
				A02403742984ED9100F5227C /* Release */,
			);
			defaultConfigurationIsVisible = 0;
			defaultConfigurationName = Release;
		};
/* End XCConfigurationList section */

/* Begin XCRemoteSwiftPackageReference section */
		A0240386298555CD00F5227C /* XCRemoteSwiftPackageReference "firebase-ios-sdk" */ = {
			isa = XCRemoteSwiftPackageReference;
			repositoryURL = "https://github.com/firebase/firebase-ios-sdk";
			requirement = {
				kind = upToNextMinorVersion;
				minimumVersion = 9.6.0;
			};
		};
		A0853A0929865FE9001081B2 /* XCRemoteSwiftPackageReference "SDWebImage" */ = {
			isa = XCRemoteSwiftPackageReference;
			repositoryURL = "https://github.com/SDWebImage/SDWebImage.git";
			requirement = {
				branch = master;
				kind = branch;
			};
		};
/* End XCRemoteSwiftPackageReference section */

/* Begin XCSwiftPackageProductDependency section */
		A0240387298555CD00F5227C /* FirebaseAuth */ = {
			isa = XCSwiftPackageProductDependency;
			package = A0240386298555CD00F5227C /* XCRemoteSwiftPackageReference "firebase-ios-sdk" */;
			productName = FirebaseAuth;
		};
		A0240389298555CD00F5227C /* FirebaseAuthCombine-Community */ = {
			isa = XCSwiftPackageProductDependency;
			package = A0240386298555CD00F5227C /* XCRemoteSwiftPackageReference "firebase-ios-sdk" */;
			productName = "FirebaseAuthCombine-Community";
		};
		A024038B298555CD00F5227C /* FirebaseDatabase */ = {
			isa = XCSwiftPackageProductDependency;
			package = A0240386298555CD00F5227C /* XCRemoteSwiftPackageReference "firebase-ios-sdk" */;
			productName = FirebaseDatabase;
		};
		A024038D298555CD00F5227C /* FirebaseDatabaseSwift */ = {
			isa = XCSwiftPackageProductDependency;
			package = A0240386298555CD00F5227C /* XCRemoteSwiftPackageReference "firebase-ios-sdk" */;
			productName = FirebaseDatabaseSwift;
		};
		A024038F298555CD00F5227C /* FirebaseFirestore */ = {
			isa = XCSwiftPackageProductDependency;
			package = A0240386298555CD00F5227C /* XCRemoteSwiftPackageReference "firebase-ios-sdk" */;
			productName = FirebaseFirestore;
		};
		A0240391298555CD00F5227C /* FirebaseFirestoreCombine-Community */ = {
			isa = XCSwiftPackageProductDependency;
			package = A0240386298555CD00F5227C /* XCRemoteSwiftPackageReference "firebase-ios-sdk" */;
			productName = "FirebaseFirestoreCombine-Community";
		};
		A0240393298555CD00F5227C /* FirebaseFirestoreSwift */ = {
			isa = XCSwiftPackageProductDependency;
			package = A0240386298555CD00F5227C /* XCRemoteSwiftPackageReference "firebase-ios-sdk" */;
			productName = FirebaseFirestoreSwift;
		};
		A0240395298555CD00F5227C /* FirebaseStorage */ = {
			isa = XCSwiftPackageProductDependency;
			package = A0240386298555CD00F5227C /* XCRemoteSwiftPackageReference "firebase-ios-sdk" */;
			productName = FirebaseStorage;
		};
		A0240397298555CD00F5227C /* FirebaseStorageCombine-Community */ = {
			isa = XCSwiftPackageProductDependency;
			package = A0240386298555CD00F5227C /* XCRemoteSwiftPackageReference "firebase-ios-sdk" */;
			productName = "FirebaseStorageCombine-Community";
		};
		A0853A0A29865FEA001081B2 /* SDWebImage */ = {
			isa = XCSwiftPackageProductDependency;
			package = A0853A0929865FE9001081B2 /* XCRemoteSwiftPackageReference "SDWebImage" */;
			productName = SDWebImage;
		};
		A0853A0C29865FEA001081B2 /* SDWebImageMapKit */ = {
			isa = XCSwiftPackageProductDependency;
			package = A0853A0929865FE9001081B2 /* XCRemoteSwiftPackageReference "SDWebImage" */;
			productName = SDWebImageMapKit;
		};
/* End XCSwiftPackageProductDependency section */
	};
	rootObject = A02403562984ED8E00F5227C /* Project object */;
}
